PODS:
  - AFNetworking (4.0.0):
    - AFNetworking/NSURLSession (= 4.0.0)
    - AFNetworking/Reachability (= 4.0.0)
    - AFNetworking/Security (= 4.0.0)
    - AFNetworking/Serialization (= 4.0.0)
    - AFNetworking/UIKit (= 4.0.0)
  - AFNetworking/NSURLSession (4.0.0):
    - AFNetworking/Reachability
    - AFNetworking/Security
    - AFNetworking/Serialization
  - AFNetworking/Reachability (4.0.0)
  - AFNetworking/Security (4.0.0)
  - AFNetworking/Serialization (4.0.0)
  - AppCenter (3.1.0):
    - AppCenter/Analytics (= 3.1.0)
    - AppCenter/Crashes (= 3.1.0)
  - AppCenter/Analytics (3.1.0):
    - AppCenter/Core
  - AppCenter/Core (3.1.0)
  - AppCenter/Crashes (3.1.0):
    - AppCenter/Core
  - CMDQueryStringSerialization (0.4.1):
    - ISO8601
  - ISO8601 (0.6.0)
  - ObjectiveDropboxOfficial (3.10.0)
  - SAMKeychain (1.5.3)
  - SSZipArchive (2.2.2)
  - STPrivilegedTask (1.0.1)
  - ZXingObjC (3.6.5):
    - ZXingObjC/All (= 3.6.5)
  - ZXingObjC/All (3.6.5)

DEPENDENCIES:
  - AFNetworking
  - AppCenter
  - CMDQueryStringSerialization
  - ISO8601
  - ObjectiveDropboxOfficial
  - SAMKeychain
  - SSZipArchive
  - STPrivilegedTask
  - ZXingObjC

SPEC REPOS:
  trunk:
    - AFNetworking
    - AppCenter
    - CMDQueryStringSerialization
    - ISO8601
    - ObjectiveDropboxOfficial
    - SAMKeychain
    - SSZipArchive
    - STPrivilegedTask
    - ZXingObjC

SPEC CHECKSUMS:
  AFNetworking: d9fdf484a3c723ec3c558a41cc5754c7e845ee77
  AppCenter: a1c30c47b7882a04a615ffa5ab26c007326436d8
  CMDQueryStringSerialization: 4bb0a2f5e7d8d8678d911d88072274952cbef4e5
  ISO8601: d3ea3ba9b752820cf92c6b47a9ee327e9f0e13fc
  ObjectiveDropboxOfficial: 19a4913d4d52fba035d41f40da71df0d6b303327
  SAMKeychain: 483e1c9f32984d50ca961e26818a534283b4cd5c
  SSZipArchive: fa16b8cc4cdeceb698e5e5d9f67e9558532fbf23
  STPrivilegedTask: 103f97827454e786074640cf89d303be344498c7
  ZXingObjC: fdbb269f25dd2032da343e06f10224d62f537bdb

PODFILE CHECKSUM: 4919469576054e55a1067c53b541f622806385ce

COCOAPODS: 1.9.1
