PODS:
  - AFNetworking (3.1.0):
    - AFNetworking/NSURLSession (= 3.1.0)
    - AFNetworking/Reachability (= 3.1.0)
    - AFNetworking/Security (= 3.1.0)
    - AFNetworking/Serialization (= 3.1.0)
    - AFNetworking/UIKit (= 3.1.0)
  - AFNetworking/NSURLSession (3.1.0):
    - AFNetworking/Reachability
    - AFNetworking/Security
    - AFNetworking/Serialization
  - AFNetworking/Reachability (3.1.0)
  - AFNetworking/Security (3.1.0)
  - AFNetworking/Serialization (3.1.0)
  - CMDQueryStringSerialization (0.4.1):
    - ISO8601
  - Crashlytics (3.8.4):
    - Fabric (~> 1.6.3)
  - DJProgressHUD_OSX (0.0.1)
  - Fabric (1.6.11)
  - ISO8601 (0.6.0)
  - ObjectiveDropboxOfficial (3.0.4)
  - SAMKeychain (1.5.2)
  - Sparkle (1.17.0)
  - SSZipArchive (1.7)
  - ZXingObjC (3.2.1):
    - ZXingObjC/All (= 3.2.1)
  - ZXingObjC/All (3.2.1)

DEPENDENCIES:
  - AFNetworking
  - CMDQueryStringSerialization
  - Crashlytics
  - DJProgressHUD_OSX
  - Fabric
  - ISO8601
  - ObjectiveDropboxOfficial
  - SAMKeychain
  - Sparkle
  - SSZipArchive
  - ZXingObjC

SPEC CHECKSUMS:
  AFNetworking: 5e0e199f73d8626b11e79750991f5d173d1f8b67
  CMDQueryStringSerialization: 4bb0a2f5e7d8d8678d911d88072274952cbef4e5
  Crashlytics: 79e236942ca1e7fc641df1feb9a275360a78ab6a
  DJProgressHUD_OSX: a8de6d2da8750dbf671fcddc649a44a9cd2807c4
  Fabric: 5911403591946b8228ab1c51d98f1d7137e863c6
  ISO8601: d3ea3ba9b752820cf92c6b47a9ee327e9f0e13fc
  ObjectiveDropboxOfficial: 3d59f2f0106fac447b2a830e6c922c1b1d7dc4cd
  SAMKeychain: 1865333198217411f35327e8da61b43de79b635b
  Sparkle: ccfb47699feea7b40b51cf3176f69404e5b1da6c
  SSZipArchive: 63f8e11cfcc33e03e4cd666b4359ea8bd6facd0c
  ZXingObjC: bbf7b8f0cf8933fdd33eb4f9f46e22308552869b

PODFILE CHECKSUM: 269cc9ac4e044727204f0ec2af0cdca8df1435b3

COCOAPODS: 1.1.1
