{
  "pins" : [
    {
      "identity" : "swift-log",
      "kind" : "remoteSourceControl",
      "location" : "https://github.com/apple/swift-log.git",
      "state" : {
        "revision" : "532d8b529501fb73a2455b179e0bbb6d49b652ed",
        "version" : "1.5.3"
      }
    },
    {
      "identity" : "swiftydropbox",
      "kind" : "remoteSourceControl",
      "location" : "https://github.com/dropbox/SwiftyDropbox.git",
      "state" : {
        "revision" : "f8e573b96c2c60a94b479aa21e2818b7eb195fd9",
        "version" : "10.0.0-beta.3"
      }
    },
    {
      "identity" : "zipfoundation",
      "kind" : "remoteSourceControl",
      "location" : "https://github.com/weichsel/ZIPFoundation.git",
      "state" : {
        "branch" : "development",
        "revision" : "1f10742b8b02bd006747b1d39d41e4725da60898"
      }
    }
  ],
  "version" : 2
}
