// !$*UTF8*$!
{
	archiveVersion = 1;
	classes = {
	};
	objectVersion = 46;
	objects = {

/* Begin PBXBuildFile section */
		9740CD411E005DB100224D9F /* Main.storyboard in Resources */ = {isa = PBXBuildFile; fileRef = 9740CD3F1E005DB100224D9F /* Main.storyboard */; };
		E10B821E1DF043EA00BBE0CD /* GetSchemeScript.sh in Resources */ = {isa = PBXBuildFile; fileRef = E172E13B1DEEB3B900405EF2 /* GetSchemeScript.sh */; };
		E10B82221DF0498800BBE0CD /* TeamIDScript.sh in Resources */ = {isa = PBXBuildFile; fileRef = E10B82211DF0498600BBE0CD /* TeamIDScript.sh */; };
		E12E6D0A1D8FC77D0054814D /* DashboardViewController.m in Sources */ = {isa = PBXBuildFile; fileRef = E12E6D081D8FC77D0054814D /* DashboardViewController.m */; };
		E13946121DF2AFCF00B3FAD0 /* XCProject.m in Sources */ = {isa = PBXBuildFile; fileRef = E13946111DF2AFCF00B3FAD0 /* XCProject.m */; };
		E13946161DF2FBAD00B3FAD0 /* ProjectBuildScript.sh in Resources */ = {isa = PBXBuildFile; fileRef = E13946141DF2FBAD00B3FAD0 /* ProjectBuildScript.sh */; };
		E13946171DF2FBAD00B3FAD0 /* WorkspaceBuildScript.sh in Resources */ = {isa = PBXBuildFile; fileRef = E13946151DF2FBAD00B3FAD0 /* WorkspaceBuildScript.sh */; };
		E143637B1DF59AFD00FB10CA /* LogViewController.m in Sources */ = {isa = PBXBuildFile; fileRef = E143637A1DF59AFD00FB10CA /* LogViewController.m */; };
		E14F33341E1A64CA00C3DD34 /* NSApplication+MenuHandler.m in Sources */ = {isa = PBXBuildFile; fileRef = E14F33331E1A64CA00C3DD34 /* NSApplication+MenuHandler.m */; };
		E15C266A1D7FD5CE004243B9 /* ShowLinkViewController.m in Sources */ = {isa = PBXBuildFile; fileRef = E15C26691D7FD5CE004243B9 /* ShowLinkViewController.m */; };
		E16018F01DEC0BC200E3A377 /* DropboxViewController.m in Sources */ = {isa = PBXBuildFile; fileRef = E16018EF1DEC0BC200E3A377 /* DropboxViewController.m */; };
		E16437D41D743A4E00CE8B7E /* AppDelegate.m in Sources */ = {isa = PBXBuildFile; fileRef = E16437D31D743A4E00CE8B7E /* AppDelegate.m */; };
		E16437D71D743A4E00CE8B7E /* main.m in Sources */ = {isa = PBXBuildFile; fileRef = E16437D61D743A4E00CE8B7E /* main.m */; };
		E16437DD1D743A4E00CE8B7E /* AppBox.xcdatamodeld in Sources */ = {isa = PBXBuildFile; fileRef = E16437DB1D743A4E00CE8B7E /* AppBox.xcdatamodeld */; };
		E16437DF1D743A4E00CE8B7E /* Assets.xcassets in Resources */ = {isa = PBXBuildFile; fileRef = E16437DE1D743A4E00CE8B7E /* Assets.xcassets */; };
		E16437F31D743B6800CE8B7E /* HomeViewController.m in Sources */ = {isa = PBXBuildFile; fileRef = E16437F21D743B6800CE8B7E /* HomeViewController.m */; };
		E16437F91D743D4500CE8B7E /* DropboxOSX.framework in Frameworks */ = {isa = PBXBuildFile; fileRef = E16437F81D743D4500CE8B7E /* DropboxOSX.framework */; };
		E16438971D743EA300CE8B7E /* WebKit.framework in Frameworks */ = {isa = PBXBuildFile; fileRef = E16438961D743EA300CE8B7E /* WebKit.framework */; };
		E16438991D743EAA00CE8B7E /* Cocoa.framework in Frameworks */ = {isa = PBXBuildFile; fileRef = E16438981D743EAA00CE8B7E /* Cocoa.framework */; };
		E16438A01D7469CD00CE8B7E /* AppKit.framework in Frameworks */ = {isa = PBXBuildFile; fileRef = E164389F1D7469CD00CE8B7E /* AppKit.framework */; };
		E16438A21D7469D200CE8B7E /* CoreData.framework in Frameworks */ = {isa = PBXBuildFile; fileRef = E16438A11D7469D200CE8B7E /* CoreData.framework */; };
		E16438A41D7469D900CE8B7E /* Foundation.framework in Frameworks */ = {isa = PBXBuildFile; fileRef = E16438A31D7469D900CE8B7E /* Foundation.framework */; };
		E16438A61D746A2F00CE8B7E /* DropboxOSX.framework in Copy Files (1 item) */ = {isa = PBXBuildFile; fileRef = E16437F81D743D4500CE8B7E /* DropboxOSX.framework */; settings = {ATTRIBUTES = (CodeSignOnCopy, RemoveHeadersOnCopy, ); }; };
		E16724601E1D2AE000346502 /* CIViewController.m in Sources */ = {isa = PBXBuildFile; fileRef = E167245F1E1D2AE000346502 /* CIViewController.m */; };
		E188EA101D78485900EBCA52 /* BitlyURLShortenerService.m in Sources */ = {isa = PBXBuildFile; fileRef = E188EA0A1D78485900EBCA52 /* BitlyURLShortenerService.m */; };
		E188EA111D78485900EBCA52 /* GooglURLShortenerService.m in Sources */ = {isa = PBXBuildFile; fileRef = E188EA0C1D78485900EBCA52 /* GooglURLShortenerService.m */; };
		E188EA121D78485900EBCA52 /* Tiny.m in Sources */ = {isa = PBXBuildFile; fileRef = E188EA0F1D78485900EBCA52 /* Tiny.m */; };
		E188EA141D784ADF00EBCA52 /* CMDQueryStringSerialization.framework in Frameworks */ = {isa = PBXBuildFile; fileRef = E188EA131D784ADF00EBCA52 /* CMDQueryStringSerialization.framework */; };
		E188EA161D7856D200EBCA52 /* ISO8601.framework in Frameworks */ = {isa = PBXBuildFile; fileRef = E188EA151D7856D200EBCA52 /* ISO8601.framework */; };
		E188EA171D78570300EBCA52 /* CMDQueryStringSerialization.framework in Copy Files (1 item) */ = {isa = PBXBuildFile; fileRef = E188EA131D784ADF00EBCA52 /* CMDQueryStringSerialization.framework */; settings = {ATTRIBUTES = (CodeSignOnCopy, RemoveHeadersOnCopy, ); }; };
		E188EA181D78570800EBCA52 /* ISO8601.framework in Copy Files (1 item) */ = {isa = PBXBuildFile; fileRef = E188EA151D7856D200EBCA52 /* ISO8601.framework */; settings = {ATTRIBUTES = (CodeSignOnCopy, RemoveHeadersOnCopy, ); }; };
		E18DCB171DFE729300BD7F11 /* MailViewController.m in Sources */ = {isa = PBXBuildFile; fileRef = E18DCB161DFE729300BD7F11 /* MailViewController.m */; };
		E1902B481E16423200C3E0F6 /* ProjectAdvancedViewController.m in Sources */ = {isa = PBXBuildFile; fileRef = E1902B471E16423200C3E0F6 /* ProjectAdvancedViewController.m */; };
		E1902B531E16617B00C3E0F6 /* NetworkHandler.m in Sources */ = {isa = PBXBuildFile; fileRef = E1902B4E1E16617B00C3E0F6 /* NetworkHandler.m */; };
		E1902B541E16617B00C3E0F6 /* UserData.m in Sources */ = {isa = PBXBuildFile; fileRef = E1902B521E16617B00C3E0F6 /* UserData.m */; };
		E1902B571E16619800C3E0F6 /* GitHandler.m in Sources */ = {isa = PBXBuildFile; fileRef = E1902B561E16619800C3E0F6 /* GitHandler.m */; };
		E1902B5A1E1661A300C3E0F6 /* MacHandler.m in Sources */ = {isa = PBXBuildFile; fileRef = E1902B591E1661A300C3E0F6 /* MacHandler.m */; };
		E1902B5D1E1661B300C3E0F6 /* MailHandler.m in Sources */ = {isa = PBXBuildFile; fileRef = E1902B5C1E1661B300C3E0F6 /* MailHandler.m */; };
		E1902B601E1661BE00C3E0F6 /* UpdateHandler.m in Sources */ = {isa = PBXBuildFile; fileRef = E1902B5F1E1661BE00C3E0F6 /* UpdateHandler.m */; };
		E1902B641E16633A00C3E0F6 /* KeychainHandler.m in Sources */ = {isa = PBXBuildFile; fileRef = E1902B631E16633A00C3E0F6 /* KeychainHandler.m */; };
		E1A3965F1E04123E0065FC7F /* AFNetworking.framework in Copy Files (1 item) */ = {isa = PBXBuildFile; fileRef = E1C148731E027A6100EE637F /* AFNetworking.framework */; settings = {ATTRIBUTES = (CodeSignOnCopy, RemoveHeadersOnCopy, ); }; };
		E1C148741E027A6100EE637F /* AFNetworking.framework in Frameworks */ = {isa = PBXBuildFile; fileRef = E1C148731E027A6100EE637F /* AFNetworking.framework */; };
		E1CFC65E1D7E7FEA005872BE /* Common.m in Sources */ = {isa = PBXBuildFile; fileRef = E1CFC65D1D7E7FEA005872BE /* Common.m */; };
		E1FB91D91D78055200F8DF46 /* ZipArchive.framework in Frameworks */ = {isa = PBXBuildFile; fileRef = E1FB91D81D78055200F8DF46 /* ZipArchive.framework */; };
		E1FB91DA1D78087A00F8DF46 /* ZipArchive.framework in Copy Files (1 item) */ = {isa = PBXBuildFile; fileRef = E1FB91D81D78055200F8DF46 /* ZipArchive.framework */; settings = {ATTRIBUTES = (CodeSignOnCopy, RemoveHeadersOnCopy, ); }; };
/* End PBXBuildFile section */

/* Begin PBXCopyFilesBuildPhase section */
		E16438A51D746A1800CE8B7E /* Copy Files (1 item) */ = {
			isa = PBXCopyFilesBuildPhase;
			buildActionMask = 2147483647;
			dstPath = "";
			dstSubfolderSpec = 10;
			files = (
				E188EA181D78570800EBCA52 /* ISO8601.framework in Copy Files (1 item) */,
				E1A3965F1E04123E0065FC7F /* AFNetworking.framework in Copy Files (1 item) */,
				E188EA171D78570300EBCA52 /* CMDQueryStringSerialization.framework in Copy Files (1 item) */,
				E1FB91DA1D78087A00F8DF46 /* ZipArchive.framework in Copy Files (1 item) */,
				E16438A61D746A2F00CE8B7E /* DropboxOSX.framework in Copy Files (1 item) */,
			);
			name = "Copy Files (1 item)";
			runOnlyForDeploymentPostprocessing = 0;
		};
/* End PBXCopyFilesBuildPhase section */

/* Begin PBXFileReference section */
		9740CD401E005DB100224D9F /* Base */ = {isa = PBXFileReference; lastKnownFileType = file.storyboard; name = Base; path = AppBox/Base.lproj/Main.storyboard; sourceTree = SOURCE_ROOT; };
		E10B82211DF0498600BBE0CD /* TeamIDScript.sh */ = {isa = PBXFileReference; lastKnownFileType = text.script.sh; path = TeamIDScript.sh; sourceTree = "<group>"; };
		E12E6D071D8FC77D0054814D /* DashboardViewController.h */ = {isa = PBXFileReference; fileEncoding = 4; lastKnownFileType = sourcecode.c.h; path = DashboardViewController.h; sourceTree = "<group>"; };
		E12E6D081D8FC77D0054814D /* DashboardViewController.m */ = {isa = PBXFileReference; fileEncoding = 4; lastKnownFileType = sourcecode.c.objc; path = DashboardViewController.m; sourceTree = "<group>"; };
		E13946101DF2AFCF00B3FAD0 /* XCProject.h */ = {isa = PBXFileReference; fileEncoding = 4; lastKnownFileType = sourcecode.c.h; path = XCProject.h; sourceTree = "<group>"; };
		E13946111DF2AFCF00B3FAD0 /* XCProject.m */ = {isa = PBXFileReference; fileEncoding = 4; lastKnownFileType = sourcecode.c.objc; path = XCProject.m; sourceTree = "<group>"; };
		E13946131DF2AFFF00B3FAD0 /* AppBoxPrefixHeader.pch */ = {isa = PBXFileReference; fileEncoding = 4; lastKnownFileType = sourcecode.c.h; path = AppBoxPrefixHeader.pch; sourceTree = "<group>"; };
		E13946141DF2FBAD00B3FAD0 /* ProjectBuildScript.sh */ = {isa = PBXFileReference; fileEncoding = 4; lastKnownFileType = text.script.sh; path = ProjectBuildScript.sh; sourceTree = "<group>"; };
		E13946151DF2FBAD00B3FAD0 /* WorkspaceBuildScript.sh */ = {isa = PBXFileReference; fileEncoding = 4; lastKnownFileType = text.script.sh; path = WorkspaceBuildScript.sh; sourceTree = "<group>"; };
		E14363791DF59AFD00FB10CA /* LogViewController.h */ = {isa = PBXFileReference; fileEncoding = 4; lastKnownFileType = sourcecode.c.h; path = LogViewController.h; sourceTree = "<group>"; };
		E143637A1DF59AFD00FB10CA /* LogViewController.m */ = {isa = PBXFileReference; fileEncoding = 4; lastKnownFileType = sourcecode.c.objc; path = LogViewController.m; sourceTree = "<group>"; };
		E14F33321E1A64CA00C3DD34 /* NSApplication+MenuHandler.h */ = {isa = PBXFileReference; fileEncoding = 4; lastKnownFileType = sourcecode.c.h; path = "NSApplication+MenuHandler.h"; sourceTree = "<group>"; };
		E14F33331E1A64CA00C3DD34 /* NSApplication+MenuHandler.m */ = {isa = PBXFileReference; fileEncoding = 4; lastKnownFileType = sourcecode.c.objc; path = "NSApplication+MenuHandler.m"; sourceTree = "<group>"; };
		E15C26681D7FD5CE004243B9 /* ShowLinkViewController.h */ = {isa = PBXFileReference; fileEncoding = 4; lastKnownFileType = sourcecode.c.h; path = ShowLinkViewController.h; sourceTree = "<group>"; };
		E15C26691D7FD5CE004243B9 /* ShowLinkViewController.m */ = {isa = PBXFileReference; fileEncoding = 4; lastKnownFileType = sourcecode.c.objc; path = ShowLinkViewController.m; sourceTree = "<group>"; };
		E16018EE1DEC0BC200E3A377 /* DropboxViewController.h */ = {isa = PBXFileReference; fileEncoding = 4; lastKnownFileType = sourcecode.c.h; path = DropboxViewController.h; sourceTree = "<group>"; };
		E16018EF1DEC0BC200E3A377 /* DropboxViewController.m */ = {isa = PBXFileReference; fileEncoding = 4; lastKnownFileType = sourcecode.c.objc; path = DropboxViewController.m; sourceTree = "<group>"; };
		E16018F11DEC0EB700E3A377 /* Constants.h */ = {isa = PBXFileReference; lastKnownFileType = sourcecode.c.h; path = Constants.h; sourceTree = "<group>"; };
		E16437CF1D743A4E00CE8B7E /* AppBox.app */ = {isa = PBXFileReference; explicitFileType = wrapper.application; includeInIndex = 0; path = AppBox.app; sourceTree = BUILT_PRODUCTS_DIR; };
		E16437D21D743A4E00CE8B7E /* AppDelegate.h */ = {isa = PBXFileReference; lastKnownFileType = sourcecode.c.h; path = AppDelegate.h; sourceTree = "<group>"; };
		E16437D31D743A4E00CE8B7E /* AppDelegate.m */ = {isa = PBXFileReference; lastKnownFileType = sourcecode.c.objc; path = AppDelegate.m; sourceTree = "<group>"; };
		E16437D61D743A4E00CE8B7E /* main.m */ = {isa = PBXFileReference; lastKnownFileType = sourcecode.c.objc; path = main.m; sourceTree = "<group>"; };
		E16437DC1D743A4E00CE8B7E /* AppBox.xcdatamodel */ = {isa = PBXFileReference; lastKnownFileType = wrapper.xcdatamodel; path = AppBox.xcdatamodel; sourceTree = "<group>"; };
		E16437DE1D743A4E00CE8B7E /* Assets.xcassets */ = {isa = PBXFileReference; lastKnownFileType = folder.assetcatalog; name = Assets.xcassets; path = AppBox/Assets.xcassets; sourceTree = SOURCE_ROOT; };
		E16437E31D743A4E00CE8B7E /* Info.plist */ = {isa = PBXFileReference; lastKnownFileType = text.plist.xml; path = Info.plist; sourceTree = "<group>"; };
		E16437F11D743B6800CE8B7E /* HomeViewController.h */ = {isa = PBXFileReference; fileEncoding = 4; lastKnownFileType = sourcecode.c.h; path = HomeViewController.h; sourceTree = "<group>"; };
		E16437F21D743B6800CE8B7E /* HomeViewController.m */ = {isa = PBXFileReference; fileEncoding = 4; lastKnownFileType = sourcecode.c.objc; path = HomeViewController.m; sourceTree = "<group>"; };
		E16437F81D743D4500CE8B7E /* DropboxOSX.framework */ = {isa = PBXFileReference; lastKnownFileType = wrapper.framework; name = DropboxOSX.framework; path = AppBox/DropboxOSX.framework; sourceTree = "<group>"; };
		E16438961D743EA300CE8B7E /* WebKit.framework */ = {isa = PBXFileReference; lastKnownFileType = wrapper.framework; name = WebKit.framework; path = System/Library/Frameworks/WebKit.framework; sourceTree = SDKROOT; };
		E16438981D743EAA00CE8B7E /* Cocoa.framework */ = {isa = PBXFileReference; lastKnownFileType = wrapper.framework; name = Cocoa.framework; path = System/Library/Frameworks/Cocoa.framework; sourceTree = SDKROOT; };
		E164389F1D7469CD00CE8B7E /* AppKit.framework */ = {isa = PBXFileReference; lastKnownFileType = wrapper.framework; name = AppKit.framework; path = System/Library/Frameworks/AppKit.framework; sourceTree = SDKROOT; };
		E16438A11D7469D200CE8B7E /* CoreData.framework */ = {isa = PBXFileReference; lastKnownFileType = wrapper.framework; name = CoreData.framework; path = System/Library/Frameworks/CoreData.framework; sourceTree = SDKROOT; };
		E16438A31D7469D900CE8B7E /* Foundation.framework */ = {isa = PBXFileReference; lastKnownFileType = wrapper.framework; name = Foundation.framework; path = System/Library/Frameworks/Foundation.framework; sourceTree = SDKROOT; };
		E167245E1E1D2AE000346502 /* CIViewController.h */ = {isa = PBXFileReference; fileEncoding = 4; lastKnownFileType = sourcecode.c.h; path = CIViewController.h; sourceTree = "<group>"; };
		E167245F1E1D2AE000346502 /* CIViewController.m */ = {isa = PBXFileReference; fileEncoding = 4; lastKnownFileType = sourcecode.c.objc; path = CIViewController.m; sourceTree = "<group>"; };
		E172E13B1DEEB3B900405EF2 /* GetSchemeScript.sh */ = {isa = PBXFileReference; lastKnownFileType = text.script.sh; path = GetSchemeScript.sh; sourceTree = "<group>"; };
		E188EA091D78485900EBCA52 /* BitlyURLShortenerService.h */ = {isa = PBXFileReference; fileEncoding = 4; lastKnownFileType = sourcecode.c.h; path = BitlyURLShortenerService.h; sourceTree = "<group>"; };
		E188EA0A1D78485900EBCA52 /* BitlyURLShortenerService.m */ = {isa = PBXFileReference; fileEncoding = 4; lastKnownFileType = sourcecode.c.objc; path = BitlyURLShortenerService.m; sourceTree = "<group>"; };
		E188EA0B1D78485900EBCA52 /* GooglURLShortenerService.h */ = {isa = PBXFileReference; fileEncoding = 4; lastKnownFileType = sourcecode.c.h; path = GooglURLShortenerService.h; sourceTree = "<group>"; };
		E188EA0C1D78485900EBCA52 /* GooglURLShortenerService.m */ = {isa = PBXFileReference; fileEncoding = 4; lastKnownFileType = sourcecode.c.objc; path = GooglURLShortenerService.m; sourceTree = "<group>"; };
		E188EA0D1D78485900EBCA52 /* NTAURLShortenerService.h */ = {isa = PBXFileReference; fileEncoding = 4; lastKnownFileType = sourcecode.c.h; path = NTAURLShortenerService.h; sourceTree = "<group>"; };
		E188EA0E1D78485900EBCA52 /* Tiny.h */ = {isa = PBXFileReference; fileEncoding = 4; lastKnownFileType = sourcecode.c.h; path = Tiny.h; sourceTree = "<group>"; };
		E188EA0F1D78485900EBCA52 /* Tiny.m */ = {isa = PBXFileReference; fileEncoding = 4; lastKnownFileType = sourcecode.c.objc; path = Tiny.m; sourceTree = "<group>"; };
		E188EA131D784ADF00EBCA52 /* CMDQueryStringSerialization.framework */ = {isa = PBXFileReference; lastKnownFileType = wrapper.framework; name = CMDQueryStringSerialization.framework; path = Tiny/CMDQueryStringSerialization.framework; sourceTree = "<group>"; };
		E188EA151D7856D200EBCA52 /* ISO8601.framework */ = {isa = PBXFileReference; lastKnownFileType = wrapper.framework; path = ISO8601.framework; sourceTree = "<group>"; };
		E18DCB151DFE729300BD7F11 /* MailViewController.h */ = {isa = PBXFileReference; fileEncoding = 4; lastKnownFileType = sourcecode.c.h; path = MailViewController.h; sourceTree = "<group>"; };
		E18DCB161DFE729300BD7F11 /* MailViewController.m */ = {isa = PBXFileReference; fileEncoding = 4; lastKnownFileType = sourcecode.c.objc; path = MailViewController.m; sourceTree = "<group>"; };
		E1902B461E16423200C3E0F6 /* ProjectAdvancedViewController.h */ = {isa = PBXFileReference; fileEncoding = 4; lastKnownFileType = sourcecode.c.h; path = ProjectAdvancedViewController.h; sourceTree = "<group>"; };
		E1902B471E16423200C3E0F6 /* ProjectAdvancedViewController.m */ = {isa = PBXFileReference; fileEncoding = 4; lastKnownFileType = sourcecode.c.objc; path = ProjectAdvancedViewController.m; sourceTree = "<group>"; };
		E1902B4D1E16617B00C3E0F6 /* NetworkHandler.h */ = {isa = PBXFileReference; fileEncoding = 4; lastKnownFileType = sourcecode.c.h; path = NetworkHandler.h; sourceTree = "<group>"; };
		E1902B4E1E16617B00C3E0F6 /* NetworkHandler.m */ = {isa = PBXFileReference; fileEncoding = 4; lastKnownFileType = sourcecode.c.objc; path = NetworkHandler.m; sourceTree = "<group>"; };
		E1902B511E16617B00C3E0F6 /* UserData.h */ = {isa = PBXFileReference; fileEncoding = 4; lastKnownFileType = sourcecode.c.h; path = UserData.h; sourceTree = "<group>"; };
		E1902B521E16617B00C3E0F6 /* UserData.m */ = {isa = PBXFileReference; fileEncoding = 4; lastKnownFileType = sourcecode.c.objc; path = UserData.m; sourceTree = "<group>"; };
		E1902B551E16619800C3E0F6 /* GitHandler.h */ = {isa = PBXFileReference; fileEncoding = 4; lastKnownFileType = sourcecode.c.h; path = GitHandler.h; sourceTree = "<group>"; };
		E1902B561E16619800C3E0F6 /* GitHandler.m */ = {isa = PBXFileReference; fileEncoding = 4; lastKnownFileType = sourcecode.c.objc; path = GitHandler.m; sourceTree = "<group>"; };
		E1902B581E1661A300C3E0F6 /* MacHandler.h */ = {isa = PBXFileReference; fileEncoding = 4; lastKnownFileType = sourcecode.c.h; path = MacHandler.h; sourceTree = "<group>"; };
		E1902B591E1661A300C3E0F6 /* MacHandler.m */ = {isa = PBXFileReference; fileEncoding = 4; lastKnownFileType = sourcecode.c.objc; path = MacHandler.m; sourceTree = "<group>"; };
		E1902B5B1E1661B300C3E0F6 /* MailHandler.h */ = {isa = PBXFileReference; fileEncoding = 4; lastKnownFileType = sourcecode.c.h; path = MailHandler.h; sourceTree = "<group>"; };
		E1902B5C1E1661B300C3E0F6 /* MailHandler.m */ = {isa = PBXFileReference; fileEncoding = 4; lastKnownFileType = sourcecode.c.objc; path = MailHandler.m; sourceTree = "<group>"; };
		E1902B5E1E1661BE00C3E0F6 /* UpdateHandler.h */ = {isa = PBXFileReference; fileEncoding = 4; lastKnownFileType = sourcecode.c.h; path = UpdateHandler.h; sourceTree = "<group>"; };
		E1902B5F1E1661BE00C3E0F6 /* UpdateHandler.m */ = {isa = PBXFileReference; fileEncoding = 4; lastKnownFileType = sourcecode.c.objc; path = UpdateHandler.m; sourceTree = "<group>"; };
		E1902B621E16633A00C3E0F6 /* KeychainHandler.h */ = {isa = PBXFileReference; fileEncoding = 4; lastKnownFileType = sourcecode.c.h; path = KeychainHandler.h; sourceTree = "<group>"; };
		E1902B631E16633A00C3E0F6 /* KeychainHandler.m */ = {isa = PBXFileReference; fileEncoding = 4; lastKnownFileType = sourcecode.c.objc; path = KeychainHandler.m; sourceTree = "<group>"; };
		E191F7C21E1E7B2A00D2A590 /* ALAppStoreUpload.sh */ = {isa = PBXFileReference; lastKnownFileType = text.script.sh; path = ALAppStoreUpload.sh; sourceTree = "<group>"; };
		E191F7C31E1E7B3B00D2A590 /* XcodeAppStoreUpload.sh */ = {isa = PBXFileReference; lastKnownFileType = text.script.sh; path = XcodeAppStoreUpload.sh; sourceTree = "<group>"; };
		E1C148731E027A6100EE637F /* AFNetworking.framework */ = {isa = PBXFileReference; lastKnownFileType = wrapper.framework; path = AFNetworking.framework; sourceTree = "<group>"; };
		E1CFC65C1D7E7FEA005872BE /* Common.h */ = {isa = PBXFileReference; fileEncoding = 4; lastKnownFileType = sourcecode.c.h; path = Common.h; sourceTree = "<group>"; };
		E1CFC65D1D7E7FEA005872BE /* Common.m */ = {isa = PBXFileReference; fileEncoding = 4; lastKnownFileType = sourcecode.c.objc; path = Common.m; sourceTree = "<group>"; };
		E1FB91D81D78055200F8DF46 /* ZipArchive.framework */ = {isa = PBXFileReference; lastKnownFileType = wrapper.framework; path = ZipArchive.framework; sourceTree = "<group>"; };
/* End PBXFileReference section */

/* Begin PBXFrameworksBuildPhase section */
		E16437CC1D743A4E00CE8B7E /* Frameworks */ = {
			isa = PBXFrameworksBuildPhase;
			buildActionMask = 2147483647;
			files = (
				E188EA141D784ADF00EBCA52 /* CMDQueryStringSerialization.framework in Frameworks */,
				E1C148741E027A6100EE637F /* AFNetworking.framework in Frameworks */,
				E16438A41D7469D900CE8B7E /* Foundation.framework in Frameworks */,
				E16438A21D7469D200CE8B7E /* CoreData.framework in Frameworks */,
				E16438A01D7469CD00CE8B7E /* AppKit.framework in Frameworks */,
				E16438971D743EA300CE8B7E /* WebKit.framework in Frameworks */,
				E16438991D743EAA00CE8B7E /* Cocoa.framework in Frameworks */,
				E16437F91D743D4500CE8B7E /* DropboxOSX.framework in Frameworks */,
				E1FB91D91D78055200F8DF46 /* ZipArchive.framework in Frameworks */,
				E188EA161D7856D200EBCA52 /* ISO8601.framework in Frameworks */,
			);
			runOnlyForDeploymentPostprocessing = 0;
		};
/* End PBXFrameworksBuildPhase section */

/* Begin PBXGroup section */
		E12E6D061D8FC6E20054814D /* DashboardViewController */ = {
			isa = PBXGroup;
			children = (
				E12E6D071D8FC77D0054814D /* DashboardViewController.h */,
				E12E6D081D8FC77D0054814D /* DashboardViewController.m */,
			);
			path = DashboardViewController;
			sourceTree = "<group>";
		};
		E139460F1DF2AFC200B3FAD0 /* ProjectModel */ = {
			isa = PBXGroup;
			children = (
				E13946101DF2AFCF00B3FAD0 /* XCProject.h */,
				E13946111DF2AFCF00B3FAD0 /* XCProject.m */,
			);
			path = ProjectModel;
			sourceTree = "<group>";
		};
		E14363781DF59AC700FB10CA /* LogViewController */ = {
			isa = PBXGroup;
			children = (
				E14363791DF59AFD00FB10CA /* LogViewController.h */,
				E143637A1DF59AFD00FB10CA /* LogViewController.m */,
			);
			path = LogViewController;
			sourceTree = "<group>";
		};
		E14F332E1E1A3D1300C3DD34 /* MenuHandler */ = {
			isa = PBXGroup;
			children = (
				E14F33321E1A64CA00C3DD34 /* NSApplication+MenuHandler.h */,
				E14F33331E1A64CA00C3DD34 /* NSApplication+MenuHandler.m */,
			);
			path = MenuHandler;
			sourceTree = "<group>";
		};
		E15C26671D7FD5A9004243B9 /* ShowLinkViewController */ = {
			isa = PBXGroup;
			children = (
				E15C26681D7FD5CE004243B9 /* ShowLinkViewController.h */,
				E15C26691D7FD5CE004243B9 /* ShowLinkViewController.m */,
			);
			path = ShowLinkViewController;
			sourceTree = "<group>";
		};
		E16018ED1DEC0BA600E3A377 /* DropboxViewController */ = {
			isa = PBXGroup;
			children = (
				E16018EE1DEC0BC200E3A377 /* DropboxViewController.h */,
				E16018EF1DEC0BC200E3A377 /* DropboxViewController.m */,
			);
			path = DropboxViewController;
			sourceTree = "<group>";
		};
		E16437C61D743A4E00CE8B7E = {
			isa = PBXGroup;
			children = (
				E16437D11D743A4E00CE8B7E /* AppBox */,
				E164389A1D743ECA00CE8B7E /* Frameworks */,
				E16437D01D743A4E00CE8B7E /* Products */,
			);
			sourceTree = "<group>";
		};
		E16437D01D743A4E00CE8B7E /* Products */ = {
			isa = PBXGroup;
			children = (
				E16437CF1D743A4E00CE8B7E /* AppBox.app */,
			);
			name = Products;
			sourceTree = "<group>";
		};
		E16437D11D743A4E00CE8B7E /* AppBox */ = {
			isa = PBXGroup;
			children = (
				E1CFC65B1D7E7FD9005872BE /* Common */,
				E16437EC1D743AA100CE8B7E /* Assets */,
				E16437EB1D743A9300CE8B7E /* Model */,
				E172E13A1DEEB34D00405EF2 /* Commands */,
				E16437EA1D743A8800CE8B7E /* ViewController */,
				E16437D51D743A4E00CE8B7E /* Supporting Files */,
				E16437D21D743A4E00CE8B7E /* AppDelegate.h */,
				E16437D31D743A4E00CE8B7E /* AppDelegate.m */,
			);
			path = AppBox;
			sourceTree = "<group>";
		};
		E16437D51D743A4E00CE8B7E /* Supporting Files */ = {
			isa = PBXGroup;
			children = (
				E16437D61D743A4E00CE8B7E /* main.m */,
				E16437E31D743A4E00CE8B7E /* Info.plist */,
				E13946131DF2AFFF00B3FAD0 /* AppBoxPrefixHeader.pch */,
			);
			name = "Supporting Files";
			sourceTree = "<group>";
		};
		E16437EA1D743A8800CE8B7E /* ViewController */ = {
			isa = PBXGroup;
			children = (
				E16437ED1D743ABE00CE8B7E /* Storyboard */,
				E14F332E1E1A3D1300C3DD34 /* MenuHandler */,
				E167245D1E1D2ABF00346502 /* CIViewController */,
				E16018ED1DEC0BA600E3A377 /* DropboxViewController */,
				E16437F01D743B3600CE8B7E /* HomeViewController */,
				E15C26671D7FD5A9004243B9 /* ShowLinkViewController */,
				E14363781DF59AC700FB10CA /* LogViewController */,
				E12E6D061D8FC6E20054814D /* DashboardViewController */,
				E1902B451E16420C00C3E0F6 /* ProjectAdvancedViewController */,
				E18DCB141DFE727100BD7F11 /* MailViewController */,
			);
			path = ViewController;
			sourceTree = "<group>";
		};
		E16437EB1D743A9300CE8B7E /* Model */ = {
			isa = PBXGroup;
			children = (
				E139460F1DF2AFC200B3FAD0 /* ProjectModel */,
				E16437DB1D743A4E00CE8B7E /* AppBox.xcdatamodeld */,
			);
			path = Model;
			sourceTree = "<group>";
		};
		E16437EC1D743AA100CE8B7E /* Assets */ = {
			isa = PBXGroup;
			children = (
				E16437DE1D743A4E00CE8B7E /* Assets.xcassets */,
			);
			path = Assets;
			sourceTree = "<group>";
		};
		E16437ED1D743ABE00CE8B7E /* Storyboard */ = {
			isa = PBXGroup;
			children = (
				9740CD3F1E005DB100224D9F /* Main.storyboard */,
			);
			path = Storyboard;
			sourceTree = "<group>";
		};
		E16437F01D743B3600CE8B7E /* HomeViewController */ = {
			isa = PBXGroup;
			children = (
				E16437F11D743B6800CE8B7E /* HomeViewController.h */,
				E16437F21D743B6800CE8B7E /* HomeViewController.m */,
			);
			path = HomeViewController;
			sourceTree = "<group>";
		};
		E164389A1D743ECA00CE8B7E /* Frameworks */ = {
			isa = PBXGroup;
			children = (
				E188EA071D78485900EBCA52 /* Tiny */,
				E1C148731E027A6100EE637F /* AFNetworking.framework */,
				E188EA151D7856D200EBCA52 /* ISO8601.framework */,
				E188EA131D784ADF00EBCA52 /* CMDQueryStringSerialization.framework */,
				E1FB91D81D78055200F8DF46 /* ZipArchive.framework */,
				E16438A31D7469D900CE8B7E /* Foundation.framework */,
				E16438A11D7469D200CE8B7E /* CoreData.framework */,
				E164389F1D7469CD00CE8B7E /* AppKit.framework */,
				E16437F81D743D4500CE8B7E /* DropboxOSX.framework */,
				E16438981D743EAA00CE8B7E /* Cocoa.framework */,
				E16438961D743EA300CE8B7E /* WebKit.framework */,
			);
			name = Frameworks;
			sourceTree = "<group>";
		};
		E167245D1E1D2ABF00346502 /* CIViewController */ = {
			isa = PBXGroup;
			children = (
				E167245E1E1D2AE000346502 /* CIViewController.h */,
				E167245F1E1D2AE000346502 /* CIViewController.m */,
			);
			path = CIViewController;
			sourceTree = "<group>";
		};
		E172E13A1DEEB34D00405EF2 /* Commands */ = {
			isa = PBXGroup;
			children = (
				E13946141DF2FBAD00B3FAD0 /* ProjectBuildScript.sh */,
				E10B82211DF0498600BBE0CD /* TeamIDScript.sh */,
				E172E13B1DEEB3B900405EF2 /* GetSchemeScript.sh */,
				E13946151DF2FBAD00B3FAD0 /* WorkspaceBuildScript.sh */,
				E191F7C21E1E7B2A00D2A590 /* ALAppStoreUpload.sh */,
				E191F7C31E1E7B3B00D2A590 /* XcodeAppStoreUpload.sh */,
			);
			path = Commands;
			sourceTree = "<group>";
		};
		E188EA071D78485900EBCA52 /* Tiny */ = {
			isa = PBXGroup;
			children = (
				E188EA081D78485900EBCA52 /* NTAURLShortenerService */,
				E188EA0E1D78485900EBCA52 /* Tiny.h */,
				E188EA0F1D78485900EBCA52 /* Tiny.m */,
			);
			path = Tiny;
			sourceTree = "<group>";
		};
		E188EA081D78485900EBCA52 /* NTAURLShortenerService */ = {
			isa = PBXGroup;
			children = (
				E188EA091D78485900EBCA52 /* BitlyURLShortenerService.h */,
				E188EA0A1D78485900EBCA52 /* BitlyURLShortenerService.m */,
				E188EA0B1D78485900EBCA52 /* GooglURLShortenerService.h */,
				E188EA0C1D78485900EBCA52 /* GooglURLShortenerService.m */,
				E188EA0D1D78485900EBCA52 /* NTAURLShortenerService.h */,
			);
			path = NTAURLShortenerService;
			sourceTree = "<group>";
		};
		E18DCB141DFE727100BD7F11 /* MailViewController */ = {
			isa = PBXGroup;
			children = (
				E18DCB151DFE729300BD7F11 /* MailViewController.h */,
				E18DCB161DFE729300BD7F11 /* MailViewController.m */,
			);
			path = MailViewController;
			sourceTree = "<group>";
		};
		E1902B451E16420C00C3E0F6 /* ProjectAdvancedViewController */ = {
			isa = PBXGroup;
			children = (
				E1902B461E16423200C3E0F6 /* ProjectAdvancedViewController.h */,
				E1902B471E16423200C3E0F6 /* ProjectAdvancedViewController.m */,
			);
			path = ProjectAdvancedViewController;
			sourceTree = "<group>";
		};
		E1902B491E16617B00C3E0F6 /* GitHandler */ = {
			isa = PBXGroup;
			children = (
				E1902B551E16619800C3E0F6 /* GitHandler.h */,
				E1902B561E16619800C3E0F6 /* GitHandler.m */,
			);
			path = GitHandler;
			sourceTree = "<group>";
		};
		E1902B4A1E16617B00C3E0F6 /* MacHandler */ = {
			isa = PBXGroup;
			children = (
				E1902B581E1661A300C3E0F6 /* MacHandler.h */,
				E1902B591E1661A300C3E0F6 /* MacHandler.m */,
			);
			path = MacHandler;
			sourceTree = "<group>";
		};
		E1902B4B1E16617B00C3E0F6 /* MailHandler */ = {
			isa = PBXGroup;
			children = (
				E1902B5B1E1661B300C3E0F6 /* MailHandler.h */,
				E1902B5C1E1661B300C3E0F6 /* MailHandler.m */,
			);
			path = MailHandler;
			sourceTree = "<group>";
		};
		E1902B4C1E16617B00C3E0F6 /* NetworkHandler */ = {
			isa = PBXGroup;
			children = (
				E1902B4D1E16617B00C3E0F6 /* NetworkHandler.h */,
				E1902B4E1E16617B00C3E0F6 /* NetworkHandler.m */,
			);
			path = NetworkHandler;
			sourceTree = "<group>";
		};
		E1902B4F1E16617B00C3E0F6 /* UpdateHandler */ = {
			isa = PBXGroup;
			children = (
				E1902B5E1E1661BE00C3E0F6 /* UpdateHandler.h */,
				E1902B5F1E1661BE00C3E0F6 /* UpdateHandler.m */,
			);
			path = UpdateHandler;
			sourceTree = "<group>";
		};
		E1902B501E16617B00C3E0F6 /* UserData */ = {
			isa = PBXGroup;
			children = (
				E1902B511E16617B00C3E0F6 /* UserData.h */,
				E1902B521E16617B00C3E0F6 /* UserData.m */,
			);
			path = UserData;
			sourceTree = "<group>";
		};
		E1902B611E1662E300C3E0F6 /* KeychainHandler */ = {
			isa = PBXGroup;
			children = (
				E1902B621E16633A00C3E0F6 /* KeychainHandler.h */,
				E1902B631E16633A00C3E0F6 /* KeychainHandler.m */,
			);
			path = KeychainHandler;
			sourceTree = "<group>";
		};
		E1CFC65B1D7E7FD9005872BE /* Common */ = {
			isa = PBXGroup;
			children = (
				E1902B501E16617B00C3E0F6 /* UserData */,
				E1902B491E16617B00C3E0F6 /* GitHandler */,
				E1902B4A1E16617B00C3E0F6 /* MacHandler */,
				E1902B4B1E16617B00C3E0F6 /* MailHandler */,
				E1902B4C1E16617B00C3E0F6 /* NetworkHandler */,
				E1902B4F1E16617B00C3E0F6 /* UpdateHandler */,
				E1902B611E1662E300C3E0F6 /* KeychainHandler */,
				E16018F11DEC0EB700E3A377 /* Constants.h */,
				E1CFC65C1D7E7FEA005872BE /* Common.h */,
				E1CFC65D1D7E7FEA005872BE /* Common.m */,
			);
			path = Common;
			sourceTree = "<group>";
		};
/* End PBXGroup section */

/* Begin PBXNativeTarget section */
		E16437CE1D743A4E00CE8B7E /* AppBox */ = {
			isa = PBXNativeTarget;
			buildConfigurationList = E16437E61D743A4E00CE8B7E /* Build configuration list for PBXNativeTarget "AppBox" */;
			buildPhases = (
				E16437CB1D743A4E00CE8B7E /* Sources */,
				E16437CC1D743A4E00CE8B7E /* Frameworks */,
				E16438A51D746A1800CE8B7E /* Copy Files (1 item) */,
				E16437CD1D743A4E00CE8B7E /* Resources */,
			);
			buildRules = (
			);
			dependencies = (
			);
			name = AppBox;
			productName = AppBox;
			productReference = E16437CF1D743A4E00CE8B7E /* AppBox.app */;
			productType = "com.apple.product-type.application";
		};
/* End PBXNativeTarget section */

/* Begin PBXProject section */
		E16437C71D743A4E00CE8B7E /* Project object */ = {
			isa = PBXProject;
			attributes = {
				LastUpgradeCheck = 0820;
				ORGANIZATIONNAME = "Developer Insider";
				TargetAttributes = {
					E16437CE1D743A4E00CE8B7E = {
						CreatedOnToolsVersion = 7.3.1;
					};
				};
			};
			buildConfigurationList = E16437CA1D743A4E00CE8B7E /* Build configuration list for PBXProject "AppBox" */;
			compatibilityVersion = "Xcode 3.2";
			developmentRegion = English;
			hasScannedForEncodings = 0;
			knownRegions = (
				en,
				Base,
			);
			mainGroup = E16437C61D743A4E00CE8B7E;
			productRefGroup = E16437D01D743A4E00CE8B7E /* Products */;
			projectDirPath = "";
			projectRoot = "";
			targets = (
				E16437CE1D743A4E00CE8B7E /* AppBox */,
			);
		};
/* End PBXProject section */

/* Begin PBXResourcesBuildPhase section */
		E16437CD1D743A4E00CE8B7E /* Resources */ = {
			isa = PBXResourcesBuildPhase;
			buildActionMask = 2147483647;
			files = (
				E13946161DF2FBAD00B3FAD0 /* ProjectBuildScript.sh in Resources */,
				E10B821E1DF043EA00BBE0CD /* GetSchemeScript.sh in Resources */,
				E10B82221DF0498800BBE0CD /* TeamIDScript.sh in Resources */,
				9740CD411E005DB100224D9F /* Main.storyboard in Resources */,
				E13946171DF2FBAD00B3FAD0 /* WorkspaceBuildScript.sh in Resources */,
				E16437DF1D743A4E00CE8B7E /* Assets.xcassets in Resources */,
			);
			runOnlyForDeploymentPostprocessing = 0;
		};
/* End PBXResourcesBuildPhase section */

/* Begin PBXSourcesBuildPhase section */
		E16437CB1D743A4E00CE8B7E /* Sources */ = {
			isa = PBXSourcesBuildPhase;
			buildActionMask = 2147483647;
			files = (
				E1902B541E16617B00C3E0F6 /* UserData.m in Sources */,
				E188EA121D78485900EBCA52 /* Tiny.m in Sources */,
				E16437DD1D743A4E00CE8B7E /* AppBox.xcdatamodeld in Sources */,
				E16437D71D743A4E00CE8B7E /* main.m in Sources */,
				E1902B481E16423200C3E0F6 /* ProjectAdvancedViewController.m in Sources */,
				E16018F01DEC0BC200E3A377 /* DropboxViewController.m in Sources */,
				E16437D41D743A4E00CE8B7E /* AppDelegate.m in Sources */,
				E1902B571E16619800C3E0F6 /* GitHandler.m in Sources */,
				E16724601E1D2AE000346502 /* CIViewController.m in Sources */,
				E1902B531E16617B00C3E0F6 /* NetworkHandler.m in Sources */,
				E18DCB171DFE729300BD7F11 /* MailViewController.m in Sources */,
				E1902B5A1E1661A300C3E0F6 /* MacHandler.m in Sources */,
				E1CFC65E1D7E7FEA005872BE /* Common.m in Sources */,
				E12E6D0A1D8FC77D0054814D /* DashboardViewController.m in Sources */,
				E15C266A1D7FD5CE004243B9 /* ShowLinkViewController.m in Sources */,
				E1902B601E1661BE00C3E0F6 /* UpdateHandler.m in Sources */,
				E14F33341E1A64CA00C3DD34 /* NSApplication+MenuHandler.m in Sources */,
				E13946121DF2AFCF00B3FAD0 /* XCProject.m in Sources */,
				E188EA111D78485900EBCA52 /* GooglURLShortenerService.m in Sources */,
				E16437F31D743B6800CE8B7E /* HomeViewController.m in Sources */,
				E1902B641E16633A00C3E0F6 /* KeychainHandler.m in Sources */,
				E1902B5D1E1661B300C3E0F6 /* MailHandler.m in Sources */,
				E143637B1DF59AFD00FB10CA /* LogViewController.m in Sources */,
				E188EA101D78485900EBCA52 /* BitlyURLShortenerService.m in Sources */,
			);
			runOnlyForDeploymentPostprocessing = 0;
		};
/* End PBXSourcesBuildPhase section */

/* Begin PBXVariantGroup section */
		9740CD3F1E005DB100224D9F /* Main.storyboard */ = {
			isa = PBXVariantGroup;
			children = (
				9740CD401E005DB100224D9F /* Base */,
			);
			name = Main.storyboard;
			sourceTree = "<group>";
		};
/* End PBXVariantGroup section */

/* Begin XCBuildConfiguration section */
		E16437E41D743A4E00CE8B7E /* Debug */ = {
			isa = XCBuildConfiguration;
			buildSettings = {
				ALWAYS_SEARCH_USER_PATHS = NO;
				CLANG_ANALYZER_NONNULL = YES;
				CLANG_CXX_LANGUAGE_STANDARD = "gnu++0x";
				CLANG_CXX_LIBRARY = "libc++";
				CLANG_ENABLE_MODULES = YES;
				CLANG_ENABLE_OBJC_ARC = YES;
				CLANG_WARN_BOOL_CONVERSION = YES;
				CLANG_WARN_CONSTANT_CONVERSION = YES;
				CLANG_WARN_DIRECT_OBJC_ISA_USAGE = YES_ERROR;
				CLANG_WARN_EMPTY_BODY = YES;
				CLANG_WARN_ENUM_CONVERSION = YES;
				CLANG_WARN_INFINITE_RECURSION = YES;
				CLANG_WARN_INT_CONVERSION = YES;
				CLANG_WARN_OBJC_ROOT_CLASS = YES_ERROR;
				CLANG_WARN_SUSPICIOUS_MOVE = YES;
				CLANG_WARN_UNREACHABLE_CODE = YES;
				CLANG_WARN__DUPLICATE_METHOD_MATCH = YES;
				CODE_SIGN_IDENTITY = "-";
				COPY_PHASE_STRIP = NO;
				DEBUG_INFORMATION_FORMAT = dwarf;
				ENABLE_STRICT_OBJC_MSGSEND = YES;
				ENABLE_TESTABILITY = YES;
				GCC_C_LANGUAGE_STANDARD = gnu99;
				GCC_DYNAMIC_NO_PIC = NO;
				GCC_NO_COMMON_BLOCKS = YES;
				GCC_OPTIMIZATION_LEVEL = 0;
				GCC_PREPROCESSOR_DEFINITIONS = (
					"DEBUG=1",
					"$(inherited)",
				);
				GCC_WARN_64_TO_32_BIT_CONVERSION = YES;
				GCC_WARN_ABOUT_RETURN_TYPE = YES_ERROR;
				GCC_WARN_UNDECLARED_SELECTOR = YES;
				GCC_WARN_UNINITIALIZED_AUTOS = YES_AGGRESSIVE;
				GCC_WARN_UNUSED_FUNCTION = YES;
				GCC_WARN_UNUSED_VARIABLE = YES;
				MACOSX_DEPLOYMENT_TARGET = 10.11;
				MTL_ENABLE_DEBUG_INFO = YES;
				ONLY_ACTIVE_ARCH = YES;
				SDKROOT = macosx;
			};
			name = Debug;
		};
		E16437E51D743A4E00CE8B7E /* Release */ = {
			isa = XCBuildConfiguration;
			buildSettings = {
				ALWAYS_SEARCH_USER_PATHS = NO;
				CLANG_ANALYZER_NONNULL = YES;
				CLANG_CXX_LANGUAGE_STANDARD = "gnu++0x";
				CLANG_CXX_LIBRARY = "libc++";
				CLANG_ENABLE_MODULES = YES;
				CLANG_ENABLE_OBJC_ARC = YES;
				CLANG_WARN_BOOL_CONVERSION = YES;
				CLANG_WARN_CONSTANT_CONVERSION = YES;
				CLANG_WARN_DIRECT_OBJC_ISA_USAGE = YES_ERROR;
				CLANG_WARN_EMPTY_BODY = YES;
				CLANG_WARN_ENUM_CONVERSION = YES;
				CLANG_WARN_INFINITE_RECURSION = YES;
				CLANG_WARN_INT_CONVERSION = YES;
				CLANG_WARN_OBJC_ROOT_CLASS = YES_ERROR;
				CLANG_WARN_SUSPICIOUS_MOVE = YES;
				CLANG_WARN_UNREACHABLE_CODE = YES;
				CLANG_WARN__DUPLICATE_METHOD_MATCH = YES;
				CODE_SIGN_IDENTITY = "-";
				COPY_PHASE_STRIP = NO;
				DEBUG_INFORMATION_FORMAT = "dwarf-with-dsym";
				ENABLE_NS_ASSERTIONS = NO;
				ENABLE_STRICT_OBJC_MSGSEND = YES;
				GCC_C_LANGUAGE_STANDARD = gnu99;
				GCC_NO_COMMON_BLOCKS = YES;
				GCC_WARN_64_TO_32_BIT_CONVERSION = YES;
				GCC_WARN_ABOUT_RETURN_TYPE = YES_ERROR;
				GCC_WARN_UNDECLARED_SELECTOR = YES;
				GCC_WARN_UNINITIALIZED_AUTOS = YES_AGGRESSIVE;
				GCC_WARN_UNUSED_FUNCTION = YES;
				GCC_WARN_UNUSED_VARIABLE = YES;
				MACOSX_DEPLOYMENT_TARGET = 10.11;
				MTL_ENABLE_DEBUG_INFO = NO;
				SDKROOT = macosx;
			};
			name = Release;
		};
		E16437E71D743A4E00CE8B7E /* Debug */ = {
			isa = XCBuildConfiguration;
			buildSettings = {
				ASSETCATALOG_COMPILER_APPICON_NAME = AppIcon;
				COMBINE_HIDPI_IMAGES = YES;
				FRAMEWORK_SEARCH_PATHS = (
					"$(inherited)",
					"$(PROJECT_DIR)/AppBox/Framworks",
					"$(PROJECT_DIR)/AppBox",
					"$(PROJECT_DIR)",
					"$(PROJECT_DIR)/Tiny",
				);
				GCC_PRECOMPILE_PREFIX_HEADER = YES;
				GCC_PREFIX_HEADER = AppBox/AppBoxPrefixHeader.pch;
				INFOPLIST_FILE = AppBox/Info.plist;
				LD_DYLIB_INSTALL_NAME = "";
				LD_RUNPATH_SEARCH_PATHS = "$(inherited) @executable_path/../Frameworks";
				MACOSX_DEPLOYMENT_TARGET = 10.8;
				PRODUCT_BUNDLE_IDENTIFIER = com.developerinsider.AppBox;
				PRODUCT_NAME = "$(TARGET_NAME)";
			};
			name = Debug;
		};
		E16437E81D743A4E00CE8B7E /* Release */ = {
			isa = XCBuildConfiguration;
			buildSettings = {
				ASSETCATALOG_COMPILER_APPICON_NAME = AppIcon;
				COMBINE_HIDPI_IMAGES = YES;
				FRAMEWORK_SEARCH_PATHS = (
					"$(inherited)",
					"$(PROJECT_DIR)/AppBox/Framworks",
					"$(PROJECT_DIR)/AppBox",
					"$(PROJECT_DIR)",
					"$(PROJECT_DIR)/Tiny",
				);
				GCC_PRECOMPILE_PREFIX_HEADER = YES;
				GCC_PREFIX_HEADER = AppBox/AppBoxPrefixHeader.pch;
				INFOPLIST_FILE = AppBox/Info.plist;
				LD_DYLIB_INSTALL_NAME = "";
				LD_RUNPATH_SEARCH_PATHS = "$(inherited) @executable_path/../Frameworks";
				MACOSX_DEPLOYMENT_TARGET = 10.8;
				PRODUCT_BUNDLE_IDENTIFIER = com.developerinsider.AppBox;
				PRODUCT_NAME = "$(TARGET_NAME)";
			};
			name = Release;
		};
/* End XCBuildConfiguration section */

/* Begin XCConfigurationList section */
		E16437CA1D743A4E00CE8B7E /* Build configuration list for PBXProject "AppBox" */ = {
			isa = XCConfigurationList;
			buildConfigurations = (
				E16437E41D743A4E00CE8B7E /* Debug */,
				E16437E51D743A4E00CE8B7E /* Release */,
			);
			defaultConfigurationIsVisible = 0;
			defaultConfigurationName = Release;
		};
		E16437E61D743A4E00CE8B7E /* Build configuration list for PBXNativeTarget "AppBox" */ = {
			isa = XCConfigurationList;
			buildConfigurations = (
				E16437E71D743A4E00CE8B7E /* Debug */,
				E16437E81D743A4E00CE8B7E /* Release */,
			);
			defaultConfigurationIsVisible = 0;
			defaultConfigurationName = Release;
		};
/* End XCConfigurationList section */

/* Begin XCVersionGroup section */
		E16437DB1D743A4E00CE8B7E /* AppBox.xcdatamodeld */ = {
			isa = XCVersionGroup;
			children = (
				E16437DC1D743A4E00CE8B7E /* AppBox.xcdatamodel */,
			);
			currentVersion = E16437DC1D743A4E00CE8B7E /* AppBox.xcdatamodel */;
			name = AppBox.xcdatamodeld;
			path = ../AppBox.xcdatamodeld;
			sourceTree = "<group>";
			versionGroupType = wrapper.xcdatamodel;
		};
/* End XCVersionGroup section */
	};
	rootObject = E16437C71D743A4E00CE8B7E /* Project object */;
}
