// !$*UTF8*$!
{
	archiveVersion = 1;
	classes = {
	};
	objectVersion = 77;
	objects = {

/* Begin PBXBuildFile section */
		5D20E6B57EA90CA7D6EA21F7 /* IPAUploadInfoTests.swift in Sources */ = {isa = PBXBuildFile; fileRef = 3E65C0AF09D32F39F4259167 /* IPAUploadInfoTests.swift */; };
		AA11BB22CC33DD44EE550012 /* MobileProvisionTests.swift in Sources */ = {isa = PBXBuildFile; fileRef = AA11BB22CC33DD44EE550002 /* MobileProvisionTests.swift */; };
		AA11BB22CC33DD44EE550041 /* DBErrorHandlerTests.swift in Sources */ = {isa = PBXBuildFile; fileRef = AA11BB22CC33DD44EE550031 /* DBErrorHandlerTests.swift */; };
		AA11BB22CC33DD44EE550042 /* CLISupportHelperTests.swift in Sources */ = {isa = PBXBuildFile; fileRef = AA11BB22CC33DD44EE550032 /* CLISupportHelperTests.swift */; };
		AA11BB22CC33DD44EE550014 /* UserDataTests.swift in Sources */ = {isa = PBXBuildFile; fileRef = AA11BB22CC33DD44EE550004 /* UserDataTests.swift */; };
		AA11BB22CC33DD44EE550015 /* MailHandlerTests.swift in Sources */ = {isa = PBXBuildFile; fileRef = AA11BB22CC33DD44EE550005 /* MailHandlerTests.swift */; };
		AB00C0DE0000000000000007 /* AppServices.swift in Sources */ = {isa = PBXBuildFile; fileRef = AB00C0DE0000000000000006 /* AppServices.swift */; };
		AB00C0DE0000000000000009 /* AppBoxSecrets.swift in Sources */ = {isa = PBXBuildFile; fileRef = AB00C0DE0000000000000008 /* AppBoxSecrets.swift */; };
		AB00C0DE000000000000000C /* AppBoxSecrets.swift in Sources */ = {isa = PBXBuildFile; fileRef = AB00C0DE000000000000000D /* AppBoxSecrets.swift */; };
		AB00DA7A0000000000000020 /* ABProject+AppBox.swift in Sources */ = {isa = PBXBuildFile; fileRef = AB00DA7A0000000000000011 /* ABProject+AppBox.swift */; };
		AB00DA7A0000000000000021 /* ABUploadRecord+AppBox.swift in Sources */ = {isa = PBXBuildFile; fileRef = AB00DA7A0000000000000013 /* ABUploadRecord+AppBox.swift */; };
		AB00F1E50000000000000052 /* QRCodeView.swift in Sources */ = {isa = PBXBuildFile; fileRef = AB00F1E50000000000000051 /* QRCodeView.swift */; };
		AB00F1E50000000000000062 /* ShowLinkView.swift in Sources */ = {isa = PBXBuildFile; fileRef = AB00F1E50000000000000061 /* ShowLinkView.swift */; };
		AB00F1E50000000000000072 /* ProvisioningDetailsView.swift in Sources */ = {isa = PBXBuildFile; fileRef = AB00F1E50000000000000071 /* ProvisioningDetailsView.swift */; };
		AB00F1E50000000000000082 /* ThirdPartyPreferencesView.swift in Sources */ = {isa = PBXBuildFile; fileRef = AB00F1E50000000000000081 /* ThirdPartyPreferencesView.swift */; };
		AB00F1E50000000000000092 /* EmailPreferencesView.swift in Sources */ = {isa = PBXBuildFile; fileRef = AB00F1E50000000000000091 /* EmailPreferencesView.swift */; };
		AB00F1E500000000000000A2 /* GeneralPreferencesView.swift in Sources */ = {isa = PBXBuildFile; fileRef = AB00F1E500000000000000A1 /* GeneralPreferencesView.swift */; };
		AB00F1E500000000000000B2 /* IslandStyle.swift in Sources */ = {isa = PBXBuildFile; fileRef = AB00F1E500000000000000B1 /* IslandStyle.swift */; };
		AB00F1E500000000000000C2 /* HelpPreferencesView.swift in Sources */ = {isa = PBXBuildFile; fileRef = AB00F1E500000000000000C1 /* HelpPreferencesView.swift */; };
		AB00F1E500000000000000D2 /* PreferencesContainerView.swift in Sources */ = {isa = PBXBuildFile; fileRef = AB00F1E500000000000000D1 /* PreferencesContainerView.swift */; };
		AB00F1E500000000000000E2 /* DashboardView.swift in Sources */ = {isa = PBXBuildFile; fileRef = AB00F1E500000000000000E1 /* DashboardView.swift */; };
		AB00F1E500000000000000F2 /* HomeView.swift in Sources */ = {isa = PBXBuildFile; fileRef = AB00F1E500000000000000F1 /* HomeView.swift */; };
		AB00F1E5000000000000AC02 /* AccountPreferencesView.swift in Sources */ = {isa = PBXBuildFile; fileRef = AB00F1E5000000000000AC01 /* AccountPreferencesView.swift */; };
		AB00F1E5000000000000AD02 /* UploadAdvancedSettingView.swift in Sources */ = {isa = PBXBuildFile; fileRef = AB00F1E5000000000000AD01 /* UploadAdvancedSettingView.swift */; };
		AB00F1E5000000000000C0A2 /* Common.swift in Sources */ = {isa = PBXBuildFile; fileRef = AB00F1E5000000000000C0A1 /* Common.swift */; };
		AB00F1E5000000000000DA02 /* DefaultAppHandler.swift in Sources */ = {isa = PBXBuildFile; fileRef = AB00F1E5000000000000DA01 /* DefaultAppHandler.swift */; };
		AB00F1E5000000000000DA12 /* UserData.swift in Sources */ = {isa = PBXBuildFile; fileRef = AB00F1E5000000000000DA11 /* UserData.swift */; };
		AB00F1E5000000000000DB02 /* DropboxLoginView.swift in Sources */ = {isa = PBXBuildFile; fileRef = AB00F1E5000000000000DB01 /* DropboxLoginView.swift */; };
		AB00F1E5000000000000DE02 /* DefaultSettings.swift in Sources */ = {isa = PBXBuildFile; fileRef = AB00F1E5000000000000DE01 /* DefaultSettings.swift */; };
		AB00F1E5000000000000EE02 /* DBErrorHandler.swift in Sources */ = {isa = PBXBuildFile; fileRef = AB00F1E5000000000000EE01 /* DBErrorHandler.swift */; };
		D9E5B24A6827FC5AD68D29D0 /* CommonTests.swift in Sources */ = {isa = PBXBuildFile; fileRef = 544B2D28AEC66102492FA05E /* CommonTests.swift */; };
		DB04358B2E69628F005F0173 /* appboxcli in CopyFiles */ = {isa = PBXBuildFile; fileRef = DB0435832E696255005F0173 /* appboxcli */; settings = {ATTRIBUTES = (CodeSignOnCopy, ); }; };
		DB04358C2E69628F005F0173 /* AppBoxCore_AppBoxCore.bundle in CopyFiles */ = {isa = PBXBuildFile; fileRef = DB04358D2E69628F005F0173 /* AppBoxCore_AppBoxCore.bundle */; settings = {ATTRIBUTES = (CodeSignOnCopy, ); }; };
		DB0435912E6962EA005F0173 /* CLISupportHelper.swift in Sources */ = {isa = PBXBuildFile; fileRef = DB0435902E6962EA005F0173 /* CLISupportHelper.swift */; };
		DB1C84412079F54E007AC74C /* NSString+String.swift in Sources */ = {isa = PBXBuildFile; fileRef = DB1C84402079F54E007AC74C /* NSString+String.swift */; };
		DB26297B1F95ED9A00C4C647 /* NSDate+Date.swift in Sources */ = {isa = PBXBuildFile; fileRef = DB26297A1F95ED9A00C4C647 /* NSDate+Date.swift */; };
		DB26297D1F95F35C00C4C647 /* AppBoxIcons.xcassets in Resources */ = {isa = PBXBuildFile; fileRef = DB26297C1F95F35C00C4C647 /* AppBoxIcons.xcassets */; };
		DB53856A2083622A004BFC84 /* NSURL+URL.swift in Sources */ = {isa = PBXBuildFile; fileRef = DB5385692083622A004BFC84 /* NSURL+URL.swift */; };
		DB5F76E62FE1622700CBF093 /* AppBoxCore in Frameworks */ = {isa = PBXBuildFile; productRef = AB00C0DE0000000000000002 /* AppBoxCore */; };
		DB5F76E72FE1622700CBF093 /* AppBoxCore in Frameworks */ = {isa = PBXBuildFile; productRef = AB00C0DE0000000000000003 /* AppBoxCore */; };
		DB6F784F215D459A00C77966 /* AppBoxColors.xcassets in Resources */ = {isa = PBXBuildFile; fileRef = DB6F784E215D459A00C77966 /* AppBoxColors.xcassets */; };
		DB831BCB1FF6B5780065B646 /* ABHudViewController.swift in Sources */ = {isa = PBXBuildFile; fileRef = DB831BC91FF6B5780065B646 /* ABHudViewController.swift */; };
		DB8BAA912E6C433200186B7B /* ArgumentParser in Frameworks */ = {isa = PBXBuildFile; productRef = DB8BAA902E6C433200186B7B /* ArgumentParser */; };
		DBDCFBBE1F99C7860022097B /* UploadManager.swift in Sources */ = {isa = PBXBuildFile; fileRef = DBDCFBBD1F99C7860022097B /* UploadManager.swift */; };
		DBF290D71FA64A590046D5CE /* ProvisioningDetailsViewController.swift in Sources */ = {isa = PBXBuildFile; fileRef = DBF290D51FA64A590046D5CE /* ProvisioningDetailsViewController.swift */; };
		E11633991E558635005EAB31 /* MobileProvision.swift in Sources */ = {isa = PBXBuildFile; fileRef = E11633981E558635005EAB31 /* MobileProvision.swift */; };
		E12E6D0A1D8FC77D0054814D /* DashboardViewController.swift in Sources */ = {isa = PBXBuildFile; fileRef = E12E6D081D8FC77D0054814D /* DashboardViewController.swift */; };
		E13946121DF2AFCF00B3FAD0 /* IPAUploadInfo.swift in Sources */ = {isa = PBXBuildFile; fileRef = E13946111DF2AFCF00B3FAD0 /* IPAUploadInfo.swift */; };
		E14F33341E1A64CA00C3DD34 /* NSApplication+MenuHandler.swift in Sources */ = {isa = PBXBuildFile; fileRef = E14F33331E1A64CA00C3DD34 /* NSApplication+MenuHandler.swift */; };
		E15C266A1D7FD5CE004243B9 /* ShowLinkViewController.swift in Sources */ = {isa = PBXBuildFile; fileRef = E15C26691D7FD5CE004243B9 /* ShowLinkViewController.swift */; };
		E16018F01DEC0BC200E3A377 /* DropboxViewController.swift in Sources */ = {isa = PBXBuildFile; fileRef = E16018EF1DEC0BC200E3A377 /* DropboxViewController.swift */; };
		E16437D41D743A4E00CE8B7E /* AppDelegate.swift in Sources */ = {isa = PBXBuildFile; fileRef = E16437D31D743A4E00CE8B7E /* AppDelegate.swift */; };
		E16437D71D743A4E00CE8B7E /* AppBoxApp.swift in Sources */ = {isa = PBXBuildFile; fileRef = E16437D61D743A4E00CE8B7E /* AppBoxApp.swift */; };
		E16437DF1D743A4E00CE8B7E /* Assets.xcassets in Resources */ = {isa = PBXBuildFile; fileRef = E16437DE1D743A4E00CE8B7E /* Assets.xcassets */; };
		E16437F31D743B6800CE8B7E /* HomeViewController.swift in Sources */ = {isa = PBXBuildFile; fileRef = E16437F21D743B6800CE8B7E /* HomeViewController.swift */; };
		E16438971D743EA300CE8B7E /* WebKit.framework in Frameworks */ = {isa = PBXBuildFile; fileRef = E16438961D743EA300CE8B7E /* WebKit.framework */; };
		E16438991D743EAA00CE8B7E /* Cocoa.framework in Frameworks */ = {isa = PBXBuildFile; fileRef = E16438981D743EAA00CE8B7E /* Cocoa.framework */; };
		E16438A01D7469CD00CE8B7E /* AppKit.framework in Frameworks */ = {isa = PBXBuildFile; fileRef = E164389F1D7469CD00CE8B7E /* AppKit.framework */; };
		E16438A21D7469D200CE8B7E /* CoreData.framework in Frameworks */ = {isa = PBXBuildFile; fileRef = E16438A11D7469D200CE8B7E /* CoreData.framework */; };
		E16438A41D7469D900CE8B7E /* Foundation.framework in Frameworks */ = {isa = PBXBuildFile; fileRef = E16438A31D7469D900CE8B7E /* Foundation.framework */; };
		E18186CE1E8A3BC00002509F /* PreferencesTabViewController.swift in Sources */ = {isa = PBXBuildFile; fileRef = E18186CD1E8A3BC00002509F /* PreferencesTabViewController.swift */; };
		E18186D61E8A45C30002509F /* PreferencesViewController.swift in Sources */ = {isa = PBXBuildFile; fileRef = E18186D51E8A45C30002509F /* PreferencesViewController.swift */; };
		E18186DC1E8A47C10002509F /* AccountPreferencesViewController.swift in Sources */ = {isa = PBXBuildFile; fileRef = E18186DB1E8A47C10002509F /* AccountPreferencesViewController.swift */; };
		E18186DF1E8A47CD0002509F /* EmailPreferencesViewController.swift in Sources */ = {isa = PBXBuildFile; fileRef = E18186DE1E8A47CD0002509F /* EmailPreferencesViewController.swift */; };
		E18186E21E8A47D60002509F /* HelpPreferencesViewController.swift in Sources */ = {isa = PBXBuildFile; fileRef = E18186E11E8A47D60002509F /* HelpPreferencesViewController.swift */; };
		E1902B481E16423200C3E0F6 /* UploadAdvancedSettingViewController.swift in Sources */ = {isa = PBXBuildFile; fileRef = E1902B471E16423200C3E0F6 /* UploadAdvancedSettingViewController.swift */; };
		E1902B5D1E1661B300C3E0F6 /* MailHandler.swift in Sources */ = {isa = PBXBuildFile; fileRef = E1902B5C1E1661B300C3E0F6 /* MailHandler.swift */; };
		E1902B601E1661BE00C3E0F6 /* UpdateHandler.swift in Sources */ = {isa = PBXBuildFile; fileRef = E1902B5F1E1661BE00C3E0F6 /* UpdateHandler.swift */; };
		E19473F5205F9FC800CF12F9 /* MSTeamsClient.swift in Sources */ = {isa = PBXBuildFile; fileRef = E19473F4205F9FC800CF12F9 /* MSTeamsClient.swift */; };
		E19473FF205FD3F100CF12F9 /* AppBoxTableRowView.swift in Sources */ = {isa = PBXBuildFile; fileRef = E19473FE205FD3F100CF12F9 /* AppBoxTableRowView.swift */; };
		E1AA0F441E2F328300BA81A1 /* QRCodeViewController.swift in Sources */ = {isa = PBXBuildFile; fileRef = E1AA0F431E2F328300BA81A1 /* QRCodeViewController.swift */; };
		E1C024711E9B4E6C00C87CC9 /* SlackClient.swift in Sources */ = {isa = PBXBuildFile; fileRef = E1C024701E9B4E6C00C87CC9 /* SlackClient.swift */; };
		E1D12EE31EC2F17B0065E59A /* ThirdPartyPreferencesViewController.swift in Sources */ = {isa = PBXBuildFile; fileRef = E1D12EE11EC2F17B0065E59A /* ThirdPartyPreferencesViewController.swift */; };
/* End PBXBuildFile section */

/* Begin PBXContainerItemProxy section */
		36376D9B366B3D16A6DDD659 /* PBXContainerItemProxy */ = {
			isa = PBXContainerItemProxy;
			containerPortal = E16437C71D743A4E00CE8B7E /* Project object */;
			proxyType = 1;
			remoteGlobalIDString = E16437CE1D743A4E00CE8B7E;
			remoteInfo = AppBox;
		};
		AB00C0DE0000000000000004 /* PBXContainerItemProxy */ = {
			isa = PBXContainerItemProxy;
			containerPortal = E16437C71D743A4E00CE8B7E /* Project object */;
			proxyType = 1;
			remoteGlobalIDString = DB0435822E696255005F0173;
			remoteInfo = AppBoxCLI;
		};
/* End PBXContainerItemProxy section */

/* Begin PBXCopyFilesBuildPhase section */
		DB04357E2E696172005F0173 /* CopyFiles */ = {
			isa = PBXCopyFilesBuildPhase;
			buildActionMask = 2147483647;
			dstPath = "";
			dstSubfolderSpec = 12;
			files = (
				DB04358B2E69628F005F0173 /* appboxcli in CopyFiles */,
				DB04358C2E69628F005F0173 /* AppBoxCore_AppBoxCore.bundle in CopyFiles */,
			);
			runOnlyForDeploymentPostprocessing = 0;
		};
/* End PBXCopyFilesBuildPhase section */

/* Begin PBXFileReference section */
		3E65C0AF09D32F39F4259167 /* IPAUploadInfoTests.swift */ = {isa = PBXFileReference; includeInIndex = 1; lastKnownFileType = sourcecode.swift; name = IPAUploadInfoTests.swift; path = Model/IPAUploadInfoTests.swift; sourceTree = "<group>"; };
		544B2D28AEC66102492FA05E /* CommonTests.swift */ = {isa = PBXFileReference; includeInIndex = 1; lastKnownFileType = sourcecode.swift; name = CommonTests.swift; path = Common/CommonTests.swift; sourceTree = "<group>"; };
		AA11BB22CC33DD44EE550002 /* MobileProvisionTests.swift */ = {isa = PBXFileReference; includeInIndex = 1; lastKnownFileType = sourcecode.swift; name = MobileProvisionTests.swift; path = Common/MobileProvision/MobileProvisionTests.swift; sourceTree = "<group>"; };
		AA11BB22CC33DD44EE550031 /* DBErrorHandlerTests.swift */ = {isa = PBXFileReference; includeInIndex = 1; lastKnownFileType = sourcecode.swift; name = DBErrorHandlerTests.swift; path = Common/DBErrorHandlerTests.swift; sourceTree = "<group>"; };
		AA11BB22CC33DD44EE550032 /* CLISupportHelperTests.swift */ = {isa = PBXFileReference; includeInIndex = 1; lastKnownFileType = sourcecode.swift; name = CLISupportHelperTests.swift; path = Common/CLISupportHelperTests.swift; sourceTree = "<group>"; };
		AA11BB22CC33DD44EE550004 /* UserDataTests.swift */ = {isa = PBXFileReference; includeInIndex = 1; lastKnownFileType = sourcecode.swift; name = UserDataTests.swift; path = Common/UserManager/UserDataTests.swift; sourceTree = "<group>"; };
		AA11BB22CC33DD44EE550005 /* MailHandlerTests.swift */ = {isa = PBXFileReference; includeInIndex = 1; lastKnownFileType = sourcecode.swift; name = MailHandlerTests.swift; path = Common/MailHandler/MailHandlerTests.swift; sourceTree = "<group>"; };
		AB00C0DE0000000000000006 /* AppServices.swift */ = {isa = PBXFileReference; lastKnownFileType = sourcecode.swift; path = AppServices.swift; sourceTree = "<group>"; };
		AB00C0DE0000000000000008 /* AppBoxSecrets.swift */ = {isa = PBXFileReference; lastKnownFileType = sourcecode.swift; name = AppBoxSecrets.swift; path = Generated/AppBox/AppBoxSecrets.swift; sourceTree = SOURCE_ROOT; };
		AB00C0DE000000000000000D /* AppBoxSecrets.swift */ = {isa = PBXFileReference; lastKnownFileType = sourcecode.swift; name = AppBoxSecrets.swift; path = Generated/AppBoxCLI/AppBoxSecrets.swift; sourceTree = SOURCE_ROOT; };
		AB00DA7A0000000000000011 /* ABProject+AppBox.swift */ = {isa = PBXFileReference; lastKnownFileType = sourcecode.swift; path = "ABProject+AppBox.swift"; sourceTree = "<group>"; };
		AB00DA7A0000000000000013 /* ABUploadRecord+AppBox.swift */ = {isa = PBXFileReference; lastKnownFileType = sourcecode.swift; path = "ABUploadRecord+AppBox.swift"; sourceTree = "<group>"; };
		AB00F1E50000000000000051 /* QRCodeView.swift */ = {isa = PBXFileReference; lastKnownFileType = sourcecode.swift; path = QRCodeView.swift; sourceTree = "<group>"; };
		AB00F1E50000000000000061 /* ShowLinkView.swift */ = {isa = PBXFileReference; lastKnownFileType = sourcecode.swift; path = ShowLinkView.swift; sourceTree = "<group>"; };
		AB00F1E50000000000000071 /* ProvisioningDetailsView.swift */ = {isa = PBXFileReference; lastKnownFileType = sourcecode.swift; path = ProvisioningDetailsView.swift; sourceTree = "<group>"; };
		AB00F1E50000000000000081 /* ThirdPartyPreferencesView.swift */ = {isa = PBXFileReference; lastKnownFileType = sourcecode.swift; path = ThirdPartyPreferencesView.swift; sourceTree = "<group>"; };
		AB00F1E50000000000000091 /* EmailPreferencesView.swift */ = {isa = PBXFileReference; lastKnownFileType = sourcecode.swift; path = EmailPreferencesView.swift; sourceTree = "<group>"; };
		AB00F1E500000000000000A1 /* GeneralPreferencesView.swift */ = {isa = PBXFileReference; lastKnownFileType = sourcecode.swift; path = GeneralPreferencesView.swift; sourceTree = "<group>"; };
		AB00F1E500000000000000B1 /* IslandStyle.swift */ = {isa = PBXFileReference; lastKnownFileType = sourcecode.swift; name = IslandStyle.swift; path = SwiftUI/IslandStyle.swift; sourceTree = "<group>"; };
		AB00F1E500000000000000C1 /* HelpPreferencesView.swift */ = {isa = PBXFileReference; lastKnownFileType = sourcecode.swift; path = HelpPreferencesView.swift; sourceTree = "<group>"; };
		AB00F1E500000000000000D1 /* PreferencesContainerView.swift */ = {isa = PBXFileReference; lastKnownFileType = sourcecode.swift; path = PreferencesContainerView.swift; sourceTree = "<group>"; };
		AB00F1E500000000000000E1 /* DashboardView.swift */ = {isa = PBXFileReference; lastKnownFileType = sourcecode.swift; path = DashboardView.swift; sourceTree = "<group>"; };
		AB00F1E500000000000000F1 /* HomeView.swift */ = {isa = PBXFileReference; lastKnownFileType = sourcecode.swift; path = HomeView.swift; sourceTree = "<group>"; };
		AB00F1E5000000000000AC01 /* AccountPreferencesView.swift */ = {isa = PBXFileReference; lastKnownFileType = sourcecode.swift; path = AccountPreferencesView.swift; sourceTree = "<group>"; };
		AB00F1E5000000000000AD01 /* UploadAdvancedSettingView.swift */ = {isa = PBXFileReference; lastKnownFileType = sourcecode.swift; path = UploadAdvancedSettingView.swift; sourceTree = "<group>"; };
		AB00F1E5000000000000C0A1 /* Common.swift */ = {isa = PBXFileReference; lastKnownFileType = sourcecode.swift; path = Common.swift; sourceTree = "<group>"; };
		AB00F1E5000000000000DA01 /* DefaultAppHandler.swift */ = {isa = PBXFileReference; lastKnownFileType = sourcecode.swift; path = DefaultAppHandler.swift; sourceTree = "<group>"; };
		AB00F1E5000000000000DA11 /* UserData.swift */ = {isa = PBXFileReference; lastKnownFileType = sourcecode.swift; path = UserData.swift; sourceTree = "<group>"; };
		AB00F1E5000000000000DB01 /* DropboxLoginView.swift */ = {isa = PBXFileReference; lastKnownFileType = sourcecode.swift; path = DropboxLoginView.swift; sourceTree = "<group>"; };
		AB00F1E5000000000000DE01 /* DefaultSettings.swift */ = {isa = PBXFileReference; lastKnownFileType = sourcecode.swift; path = DefaultSettings.swift; sourceTree = "<group>"; };
		AB00F1E5000000000000EE01 /* DBErrorHandler.swift */ = {isa = PBXFileReference; lastKnownFileType = sourcecode.swift; path = DBErrorHandler.swift; sourceTree = "<group>"; };
		DB0435832E696255005F0173 /* appboxcli */ = {isa = PBXFileReference; explicitFileType = "compiled.mach-o.executable"; includeInIndex = 0; path = appboxcli; sourceTree = BUILT_PRODUCTS_DIR; };
		DB04358D2E69628F005F0173 /* AppBoxCore_AppBoxCore.bundle */ = {isa = PBXFileReference; explicitFileType = wrapper.cfbundle; includeInIndex = 0; path = AppBoxCore_AppBoxCore.bundle; sourceTree = BUILT_PRODUCTS_DIR; };
		DB0435902E6962EA005F0173 /* CLISupportHelper.swift */ = {isa = PBXFileReference; lastKnownFileType = sourcecode.swift; path = CLISupportHelper.swift; sourceTree = "<group>"; };
		DB1C84402079F54E007AC74C /* NSString+String.swift */ = {isa = PBXFileReference; lastKnownFileType = sourcecode.swift; path = "NSString+String.swift"; sourceTree = "<group>"; };
		DB26297A1F95ED9A00C4C647 /* NSDate+Date.swift */ = {isa = PBXFileReference; lastKnownFileType = sourcecode.swift; path = "NSDate+Date.swift"; sourceTree = "<group>"; };
		DB26297C1F95F35C00C4C647 /* AppBoxIcons.xcassets */ = {isa = PBXFileReference; lastKnownFileType = folder.assetcatalog; path = AppBoxIcons.xcassets; sourceTree = "<group>"; };
		DB5385692083622A004BFC84 /* NSURL+URL.swift */ = {isa = PBXFileReference; lastKnownFileType = sourcecode.swift; path = "NSURL+URL.swift"; sourceTree = "<group>"; };
		DB5BA11E2FC9C91D00A150BA /* AppBoxTests.xctest */ = {isa = PBXFileReference; explicitFileType = wrapper.cfbundle; includeInIndex = 0; path = AppBoxTests.xctest; sourceTree = BUILT_PRODUCTS_DIR; };
		DB5BA12A2FC9C94E00A150BA /* AppBoxTests.xctestplan */ = {isa = PBXFileReference; lastKnownFileType = text; path = AppBoxTests.xctestplan; sourceTree = "<group>"; };
		DB6F784E215D459A00C77966 /* AppBoxColors.xcassets */ = {isa = PBXFileReference; lastKnownFileType = folder.assetcatalog; path = AppBoxColors.xcassets; sourceTree = "<group>"; };
		DB831BC91FF6B5780065B646 /* ABHudViewController.swift */ = {isa = PBXFileReference; lastKnownFileType = sourcecode.swift; path = ABHudViewController.swift; sourceTree = "<group>"; };
		DBD1CE3221562EC300549C0A /* AppBox.entitlements */ = {isa = PBXFileReference; lastKnownFileType = text.plist.entitlements; path = AppBox.entitlements; sourceTree = "<group>"; };
		DBDCFBBD1F99C7860022097B /* UploadManager.swift */ = {isa = PBXFileReference; lastKnownFileType = sourcecode.swift; path = UploadManager.swift; sourceTree = "<group>"; };
		DBF290D51FA64A590046D5CE /* ProvisioningDetailsViewController.swift */ = {isa = PBXFileReference; lastKnownFileType = sourcecode.swift; path = ProvisioningDetailsViewController.swift; sourceTree = "<group>"; };
		E11633981E558635005EAB31 /* MobileProvision.swift */ = {isa = PBXFileReference; lastKnownFileType = sourcecode.swift; path = MobileProvision.swift; sourceTree = "<group>"; };
		E12E6D081D8FC77D0054814D /* DashboardViewController.swift */ = {isa = PBXFileReference; lastKnownFileType = sourcecode.swift; path = DashboardViewController.swift; sourceTree = "<group>"; };
		E13946111DF2AFCF00B3FAD0 /* IPAUploadInfo.swift */ = {isa = PBXFileReference; lastKnownFileType = sourcecode.swift; path = IPAUploadInfo.swift; sourceTree = "<group>"; };
		E14F33331E1A64CA00C3DD34 /* NSApplication+MenuHandler.swift */ = {isa = PBXFileReference; lastKnownFileType = sourcecode.swift; path = "NSApplication+MenuHandler.swift"; sourceTree = "<group>"; };
		E15C26691D7FD5CE004243B9 /* ShowLinkViewController.swift */ = {isa = PBXFileReference; lastKnownFileType = sourcecode.swift; path = ShowLinkViewController.swift; sourceTree = "<group>"; };
		E16018EF1DEC0BC200E3A377 /* DropboxViewController.swift */ = {isa = PBXFileReference; lastKnownFileType = sourcecode.swift; path = DropboxViewController.swift; sourceTree = "<group>"; };
		E16437CF1D743A4E00CE8B7E /* AppBox.app */ = {isa = PBXFileReference; explicitFileType = wrapper.application; includeInIndex = 0; path = AppBox.app; sourceTree = BUILT_PRODUCTS_DIR; };
		E16437D31D743A4E00CE8B7E /* AppDelegate.swift */ = {isa = PBXFileReference; lastKnownFileType = sourcecode.swift; path = AppDelegate.swift; sourceTree = "<group>"; };
		E16437D61D743A4E00CE8B7E /* AppBoxApp.swift */ = {isa = PBXFileReference; lastKnownFileType = sourcecode.swift; path = AppBoxApp.swift; sourceTree = "<group>"; };
		E16437DE1D743A4E00CE8B7E /* Assets.xcassets */ = {isa = PBXFileReference; lastKnownFileType = folder.assetcatalog; name = Assets.xcassets; path = AppBox/Assets.xcassets; sourceTree = SOURCE_ROOT; };
		E16437E31D743A4E00CE8B7E /* Info.plist */ = {isa = PBXFileReference; lastKnownFileType = text.plist.xml; path = Info.plist; sourceTree = "<group>"; };
		E16437F21D743B6800CE8B7E /* HomeViewController.swift */ = {isa = PBXFileReference; lastKnownFileType = sourcecode.swift; path = HomeViewController.swift; sourceTree = "<group>"; };
		E16438961D743EA300CE8B7E /* WebKit.framework */ = {isa = PBXFileReference; lastKnownFileType = wrapper.framework; name = WebKit.framework; path = System/Library/Frameworks/WebKit.framework; sourceTree = SDKROOT; };
		E16438981D743EAA00CE8B7E /* Cocoa.framework */ = {isa = PBXFileReference; lastKnownFileType = wrapper.framework; name = Cocoa.framework; path = System/Library/Frameworks/Cocoa.framework; sourceTree = SDKROOT; };
		E164389F1D7469CD00CE8B7E /* AppKit.framework */ = {isa = PBXFileReference; lastKnownFileType = wrapper.framework; name = AppKit.framework; path = System/Library/Frameworks/AppKit.framework; sourceTree = SDKROOT; };
		E16438A11D7469D200CE8B7E /* CoreData.framework */ = {isa = PBXFileReference; lastKnownFileType = wrapper.framework; name = CoreData.framework; path = System/Library/Frameworks/CoreData.framework; sourceTree = SDKROOT; };
		E16438A31D7469D900CE8B7E /* Foundation.framework */ = {isa = PBXFileReference; lastKnownFileType = wrapper.framework; name = Foundation.framework; path = System/Library/Frameworks/Foundation.framework; sourceTree = SDKROOT; };
		E18186CD1E8A3BC00002509F /* PreferencesTabViewController.swift */ = {isa = PBXFileReference; lastKnownFileType = sourcecode.swift; path = PreferencesTabViewController.swift; sourceTree = "<group>"; };
		E18186D51E8A45C30002509F /* PreferencesViewController.swift */ = {isa = PBXFileReference; lastKnownFileType = sourcecode.swift; path = PreferencesViewController.swift; sourceTree = "<group>"; };
		E18186DB1E8A47C10002509F /* AccountPreferencesViewController.swift */ = {isa = PBXFileReference; lastKnownFileType = sourcecode.swift; path = AccountPreferencesViewController.swift; sourceTree = "<group>"; };
		E18186DE1E8A47CD0002509F /* EmailPreferencesViewController.swift */ = {isa = PBXFileReference; lastKnownFileType = sourcecode.swift; path = EmailPreferencesViewController.swift; sourceTree = "<group>"; };
		E18186E11E8A47D60002509F /* HelpPreferencesViewController.swift */ = {isa = PBXFileReference; lastKnownFileType = sourcecode.swift; path = HelpPreferencesViewController.swift; sourceTree = "<group>"; };
		E1902B471E16423200C3E0F6 /* UploadAdvancedSettingViewController.swift */ = {isa = PBXFileReference; lastKnownFileType = sourcecode.swift; path = UploadAdvancedSettingViewController.swift; sourceTree = "<group>"; };
		E1902B5C1E1661B300C3E0F6 /* MailHandler.swift */ = {isa = PBXFileReference; lastKnownFileType = sourcecode.swift; path = MailHandler.swift; sourceTree = "<group>"; };
		E1902B5F1E1661BE00C3E0F6 /* UpdateHandler.swift */ = {isa = PBXFileReference; lastKnownFileType = sourcecode.swift; path = UpdateHandler.swift; sourceTree = "<group>"; };
		E19473F4205F9FC800CF12F9 /* MSTeamsClient.swift */ = {isa = PBXFileReference; lastKnownFileType = sourcecode.swift; path = MSTeamsClient.swift; sourceTree = "<group>"; };
		E19473FE205FD3F100CF12F9 /* AppBoxTableRowView.swift */ = {isa = PBXFileReference; lastKnownFileType = sourcecode.swift; path = AppBoxTableRowView.swift; sourceTree = "<group>"; };
		E1AA0F431E2F328300BA81A1 /* QRCodeViewController.swift */ = {isa = PBXFileReference; lastKnownFileType = sourcecode.swift; path = QRCodeViewController.swift; sourceTree = "<group>"; };
		E1C024701E9B4E6C00C87CC9 /* SlackClient.swift */ = {isa = PBXFileReference; lastKnownFileType = sourcecode.swift; path = SlackClient.swift; sourceTree = "<group>"; };
		E1D12EE11EC2F17B0065E59A /* ThirdPartyPreferencesViewController.swift */ = {isa = PBXFileReference; lastKnownFileType = sourcecode.swift; path = ThirdPartyPreferencesViewController.swift; sourceTree = "<group>"; };
/* End PBXFileReference section */

/* Begin PBXFileSystemSynchronizedRootGroup section */
		DB0435842E696255005F0173 /* AppBoxCLI */ = {
			isa = PBXFileSystemSynchronizedRootGroup;
			path = AppBoxCLI;
			sourceTree = "<group>";
		};
/* End PBXFileSystemSynchronizedRootGroup section */

/* Begin PBXFrameworksBuildPhase section */
		39EB20B3B931736A9853F6EB /* Frameworks */ = {
			isa = PBXFrameworksBuildPhase;
			buildActionMask = 2147483647;
			files = (
			);
			runOnlyForDeploymentPostprocessing = 0;
		};
		DB0435802E696255005F0173 /* Frameworks */ = {
			isa = PBXFrameworksBuildPhase;
			buildActionMask = 2147483647;
			files = (
				DB5F76E72FE1622700CBF093 /* AppBoxCore in Frameworks */,
				DB8BAA912E6C433200186B7B /* ArgumentParser in Frameworks */,
			);
			runOnlyForDeploymentPostprocessing = 0;
		};
		E16437CC1D743A4E00CE8B7E /* Frameworks */ = {
			isa = PBXFrameworksBuildPhase;
			buildActionMask = 2147483647;
			files = (
				DB5F76E62FE1622700CBF093 /* AppBoxCore in Frameworks */,
				E16438A01D7469CD00CE8B7E /* AppKit.framework in Frameworks */,
				E16438A41D7469D900CE8B7E /* Foundation.framework in Frameworks */,
				E16438A21D7469D200CE8B7E /* CoreData.framework in Frameworks */,
				E16438971D743EA300CE8B7E /* WebKit.framework in Frameworks */,
				E16438991D743EAA00CE8B7E /* Cocoa.framework in Frameworks */,
			);
			runOnlyForDeploymentPostprocessing = 0;
		};
/* End PBXFrameworksBuildPhase section */

/* Begin PBXGroup section */
		704A0BB2FE5A7E33851F5FDB /* DefaultAppHandler */ = {
			isa = PBXGroup;
			children = (
				AB00F1E5000000000000DA01 /* DefaultAppHandler.swift */,
			);
			path = DefaultAppHandler;
			sourceTree = "<group>";
		};
		AA11BB22CC33DD44EE550021 /* Common */ = {
			isa = PBXGroup;
			children = (
				544B2D28AEC66102492FA05E /* CommonTests.swift */,
				AA11BB22CC33DD44EE550032 /* CLISupportHelperTests.swift */,
				AA11BB22CC33DD44EE550031 /* DBErrorHandlerTests.swift */,
				AA11BB22CC33DD44EE550022 /* NetworkHandler */,
				AA11BB22CC33DD44EE550023 /* MobileProvision */,
				AA11BB22CC33DD44EE550025 /* UserManager */,
				AA11BB22CC33DD44EE550027 /* MailHandler */,
				AA11BB22CC33DD44EE550028 /* UpdateHandler */,
			);
			name = Common;
			sourceTree = "<group>";
		};
		AA11BB22CC33DD44EE550022 /* NetworkHandler */ = {
			isa = PBXGroup;
			children = (
			);
			name = NetworkHandler;
			sourceTree = "<group>";
		};
		AA11BB22CC33DD44EE550023 /* MobileProvision */ = {
			isa = PBXGroup;
			children = (
				AA11BB22CC33DD44EE550002 /* MobileProvisionTests.swift */,
			);
			name = MobileProvision;
			sourceTree = "<group>";
		};
		AA11BB22CC33DD44EE550025 /* UserManager */ = {
			isa = PBXGroup;
			children = (
				AA11BB22CC33DD44EE550004 /* UserDataTests.swift */,
			);
			name = UserManager;
			sourceTree = "<group>";
		};
		AA11BB22CC33DD44EE550026 /* Model */ = {
			isa = PBXGroup;
			children = (
				3E65C0AF09D32F39F4259167 /* IPAUploadInfoTests.swift */,
			);
			name = Model;
			sourceTree = "<group>";
		};
		AA11BB22CC33DD44EE550027 /* MailHandler */ = {
			isa = PBXGroup;
			children = (
				AA11BB22CC33DD44EE550005 /* MailHandlerTests.swift */,
			);
			name = MailHandler;
			sourceTree = "<group>";
		};
		AA11BB22CC33DD44EE550028 /* UpdateHandler */ = {
			isa = PBXGroup;
			children = (
			);
			name = UpdateHandler;
			sourceTree = "<group>";
		};
		AECBA8D5D0C166DA17FF6ED0 /* AppBoxTests */ = {
			isa = PBXGroup;
			children = (
				DB5BA12A2FC9C94E00A150BA /* AppBoxTests.xctestplan */,
				AA11BB22CC33DD44EE550021 /* Common */,
				AA11BB22CC33DD44EE550026 /* Model */,
			);
			path = AppBoxTests;
			sourceTree = "<group>";
		};
		DB04358E2E6962DB005F0173 /* CLISupportHelper */ = {
			isa = PBXGroup;
			children = (
				DB0435902E6962EA005F0173 /* CLISupportHelper.swift */,
			);
			path = CLISupportHelper;
			sourceTree = "<group>";
		};
		DB2629781F95ED8900C4C647 /* Extensions */ = {
			isa = PBXGroup;
			children = (
				DB26297A1F95ED9A00C4C647 /* NSDate+Date.swift */,
				DB1C84402079F54E007AC74C /* NSString+String.swift */,
				DB5385692083622A004BFC84 /* NSURL+URL.swift */,
			);
			path = Extensions;
			sourceTree = "<group>";
		};
		DB2629821F961F3100C4C647 /* DBErrorHandler */ = {
			isa = PBXGroup;
			children = (
				AB00F1E5000000000000EE01 /* DBErrorHandler.swift */,
			);
			path = DBErrorHandler;
			sourceTree = "<group>";
		};
		DB2D46D33031838200F551CE /* Recovered References */ = {
			isa = PBXGroup;
			children = (
				AB00C0DE000000000000000D /* AppBoxSecrets.swift */,
			);
			name = "Recovered References";
			sourceTree = "<group>";
		};
		DB425C021F8A514E008CB032 /* DefaultSettings */ = {
			isa = PBXGroup;
			children = (
				AB00F1E5000000000000DE01 /* DefaultSettings.swift */,
			);
			path = DefaultSettings;
			sourceTree = "<group>";
		};
		DB831BC21FF6B5240065B646 /* ABHudViewController */ = {
			isa = PBXGroup;
			children = (
				DB831BC91FF6B5780065B646 /* ABHudViewController.swift */,
			);
			path = ABHudViewController;
			sourceTree = "<group>";
		};
		DBDCFBBB1F99C7860022097B /* UploadManager */ = {
			isa = PBXGroup;
			children = (
				DBDCFBBD1F99C7860022097B /* UploadManager.swift */,
			);
			path = UploadManager;
			sourceTree = "<group>";
		};
		DBF290D31FA64A3E0046D5CE /* ProvisioningDetailsViewController */ = {
			isa = PBXGroup;
			children = (
				DBF290D51FA64A590046D5CE /* ProvisioningDetailsViewController.swift */,
				AB00F1E50000000000000071 /* ProvisioningDetailsView.swift */,
			);
			path = ProvisioningDetailsViewController;
			sourceTree = "<group>";
		};
		E11633961E558609005EAB31 /* MobileProvision */ = {
			isa = PBXGroup;
			children = (
				E11633981E558635005EAB31 /* MobileProvision.swift */,
			);
			path = MobileProvision;
			sourceTree = "<group>";
		};
		E12A9AAA1E49F360002DDA3C /* CoreDataModel */ = {
			isa = PBXGroup;
			children = (
				AB00DA7A0000000000000011 /* ABProject+AppBox.swift */,
				AB00DA7A0000000000000013 /* ABUploadRecord+AppBox.swift */,
			);
			path = CoreDataModel;
			sourceTree = "<group>";
		};
		E12E6D061D8FC6E20054814D /* DashboardViewController */ = {
			isa = PBXGroup;
			children = (
				DBF290D31FA64A3E0046D5CE /* ProvisioningDetailsViewController */,
				E12E6D081D8FC77D0054814D /* DashboardViewController.swift */,
				AB00F1E500000000000000E1 /* DashboardView.swift */,
			);
			path = DashboardViewController;
			sourceTree = "<group>";
		};
		E139460F1DF2AFC200B3FAD0 /* IPAInfoModel */ = {
			isa = PBXGroup;
			children = (
				E13946111DF2AFCF00B3FAD0 /* IPAUploadInfo.swift */,
			);
			path = IPAInfoModel;
			sourceTree = "<group>";
		};
		E14F332E1E1A3D1300C3DD34 /* MenuHandler */ = {
			isa = PBXGroup;
			children = (
				E14F33331E1A64CA00C3DD34 /* NSApplication+MenuHandler.swift */,
			);
			path = MenuHandler;
			sourceTree = "<group>";
		};
		E15C26671D7FD5A9004243B9 /* ShowLinkViewController */ = {
			isa = PBXGroup;
			children = (
				E15C26691D7FD5CE004243B9 /* ShowLinkViewController.swift */,
				AB00F1E50000000000000061 /* ShowLinkView.swift */,
			);
			path = ShowLinkViewController;
			sourceTree = "<group>";
		};
		E16018ED1DEC0BA600E3A377 /* DropboxViewController */ = {
			isa = PBXGroup;
			children = (
				E16018EF1DEC0BC200E3A377 /* DropboxViewController.swift */,
				AB00F1E5000000000000DB01 /* DropboxLoginView.swift */,
			);
			path = DropboxViewController;
			sourceTree = "<group>";
		};
		E16437C61D743A4E00CE8B7E = {
			isa = PBXGroup;
			children = (
				E16437D11D743A4E00CE8B7E /* AppBox */,
				DB0435842E696255005F0173 /* AppBoxCLI */,
				E164389A1D743ECA00CE8B7E /* Frameworks */,
				E16437D01D743A4E00CE8B7E /* Products */,
				AECBA8D5D0C166DA17FF6ED0 /* AppBoxTests */,
				DB2D46D33031838200F551CE /* Recovered References */,
			);
			sourceTree = "<group>";
		};
		E16437D01D743A4E00CE8B7E /* Products */ = {
			isa = PBXGroup;
			children = (
				E16437CF1D743A4E00CE8B7E /* AppBox.app */,
				DB0435832E696255005F0173 /* appboxcli */,
				DB04358D2E69628F005F0173 /* AppBoxCore_AppBoxCore.bundle */,
				DB5BA11E2FC9C91D00A150BA /* AppBoxTests.xctest */,
			);
			name = Products;
			sourceTree = "<group>";
		};
		E16437D11D743A4E00CE8B7E /* AppBox */ = {
			isa = PBXGroup;
			children = (
				DBD1CE3221562EC300549C0A /* AppBox.entitlements */,
				E1CFC65B1D7E7FD9005872BE /* Common */,
				E16437EC1D743AA100CE8B7E /* Assets */,
				E16437EB1D743A9300CE8B7E /* Model */,
				E16437EA1D743A8800CE8B7E /* ViewController */,
				E16437D51D743A4E00CE8B7E /* Supporting Files */,
				E16437D31D743A4E00CE8B7E /* AppDelegate.swift */,
			);
			path = AppBox;
			sourceTree = "<group>";
		};
		E16437D51D743A4E00CE8B7E /* Supporting Files */ = {
			isa = PBXGroup;
			children = (
				E16437D61D743A4E00CE8B7E /* AppBoxApp.swift */,
				E16437E31D743A4E00CE8B7E /* Info.plist */,
			);
			name = "Supporting Files";
			sourceTree = "<group>";
		};
		E16437EA1D743A8800CE8B7E /* ViewController */ = {
			isa = PBXGroup;
			children = (
				DB831BC21FF6B5240065B646 /* ABHudViewController */,
				E14F332E1E1A3D1300C3DD34 /* MenuHandler */,
				E16018ED1DEC0BA600E3A377 /* DropboxViewController */,
				E16437F01D743B3600CE8B7E /* HomeViewController */,
				E15C26671D7FD5A9004243B9 /* ShowLinkViewController */,
				E1AA0F411E2F325F00BA81A1 /* QRCodeViewController */,
				E12E6D061D8FC6E20054814D /* DashboardViewController */,
				E1902B451E16420C00C3E0F6 /* UploadAdvancedSettingViewController */,
				E16D72E61E8935060031FB7C /* PreferencesViewController */,
				AB00F1E500000000000000B1 /* IslandStyle.swift */,
			);
			path = ViewController;
			sourceTree = "<group>";
		};
		E16437EB1D743A9300CE8B7E /* Model */ = {
			isa = PBXGroup;
			children = (
				E139460F1DF2AFC200B3FAD0 /* IPAInfoModel */,
				E12A9AAA1E49F360002DDA3C /* CoreDataModel */,
			);
			path = Model;
			sourceTree = "<group>";
		};
		E16437EC1D743AA100CE8B7E /* Assets */ = {
			isa = PBXGroup;
			children = (
				E16437DE1D743A4E00CE8B7E /* Assets.xcassets */,
				DB26297C1F95F35C00C4C647 /* AppBoxIcons.xcassets */,
				DB6F784E215D459A00C77966 /* AppBoxColors.xcassets */,
			);
			path = Assets;
			sourceTree = "<group>";
		};
		E16437F01D743B3600CE8B7E /* HomeViewController */ = {
			isa = PBXGroup;
			children = (
				E16437F21D743B6800CE8B7E /* HomeViewController.swift */,
				AB00F1E500000000000000F1 /* HomeView.swift */,
			);
			path = HomeViewController;
			sourceTree = "<group>";
		};
		E164389A1D743ECA00CE8B7E /* Frameworks */ = {
			isa = PBXGroup;
			children = (
				E16438A31D7469D900CE8B7E /* Foundation.framework */,
				E16438A11D7469D200CE8B7E /* CoreData.framework */,
				E164389F1D7469CD00CE8B7E /* AppKit.framework */,
				E16438981D743EAA00CE8B7E /* Cocoa.framework */,
				E16438961D743EA300CE8B7E /* WebKit.framework */,
			);
			name = Frameworks;
			sourceTree = "<group>";
		};
		E16D72E61E8935060031FB7C /* PreferencesViewController */ = {
			isa = PBXGroup;
			children = (
				E1D12EDF1EC2F1420065E59A /* ThirdPartyPreferencesViewController */,
				E18186D31E8A45C30002509F /* GeneralPreferencesViewController */,
				E18186D71E8A479E0002509F /* AccountPreferencesViewController */,
				E18186D81E8A479E0002509F /* EmailPreferencesViewController */,
				E18186D91E8A479E0002509F /* HelpPreferencesViewController */,
				E18186CD1E8A3BC00002509F /* PreferencesTabViewController.swift */,
				AB00F1E500000000000000D1 /* PreferencesContainerView.swift */,
			);
			path = PreferencesViewController;
			sourceTree = "<group>";
		};
		E18186D31E8A45C30002509F /* GeneralPreferencesViewController */ = {
			isa = PBXGroup;
			children = (
				E18186D51E8A45C30002509F /* PreferencesViewController.swift */,
				AB00F1E500000000000000A1 /* GeneralPreferencesView.swift */,
			);
			path = GeneralPreferencesViewController;
			sourceTree = "<group>";
		};
		E18186D71E8A479E0002509F /* AccountPreferencesViewController */ = {
			isa = PBXGroup;
			children = (
				E18186DB1E8A47C10002509F /* AccountPreferencesViewController.swift */,
				AB00F1E5000000000000AC01 /* AccountPreferencesView.swift */,
			);
			path = AccountPreferencesViewController;
			sourceTree = "<group>";
		};
		E18186D81E8A479E0002509F /* EmailPreferencesViewController */ = {
			isa = PBXGroup;
			children = (
				E18186DE1E8A47CD0002509F /* EmailPreferencesViewController.swift */,
				AB00F1E50000000000000091 /* EmailPreferencesView.swift */,
			);
			path = EmailPreferencesViewController;
			sourceTree = "<group>";
		};
		E18186D91E8A479E0002509F /* HelpPreferencesViewController */ = {
			isa = PBXGroup;
			children = (
				E18186E11E8A47D60002509F /* HelpPreferencesViewController.swift */,
				AB00F1E500000000000000C1 /* HelpPreferencesView.swift */,
			);
			path = HelpPreferencesViewController;
			sourceTree = "<group>";
		};
		E1902B451E16420C00C3E0F6 /* UploadAdvancedSettingViewController */ = {
			isa = PBXGroup;
			children = (
				E1902B471E16423200C3E0F6 /* UploadAdvancedSettingViewController.swift */,
				AB00F1E5000000000000AD01 /* UploadAdvancedSettingView.swift */,
			);
			path = UploadAdvancedSettingViewController;
			sourceTree = "<group>";
		};
		E1902B4B1E16617B00C3E0F6 /* MailHandler */ = {
			isa = PBXGroup;
			children = (
				E1902B5C1E1661B300C3E0F6 /* MailHandler.swift */,
			);
			path = MailHandler;
			sourceTree = "<group>";
		};
		E1902B4F1E16617B00C3E0F6 /* UpdateHandler */ = {
			isa = PBXGroup;
			children = (
				E1902B5F1E1661BE00C3E0F6 /* UpdateHandler.swift */,
			);
			path = UpdateHandler;
			sourceTree = "<group>";
		};
		E1902B501E16617B00C3E0F6 /* UserManager */ = {
			isa = PBXGroup;
			children = (
				AB00F1E5000000000000DA11 /* UserData.swift */,
			);
			path = UserManager;
			sourceTree = "<group>";
		};
		E19473F0205F9F2900CF12F9 /* ServiceIntegrations */ = {
			isa = PBXGroup;
			children = (
				E19473F2205F9F8600CF12F9 /* MSTeamsClient */,
				E1C0246E1E9B4E4C00C87CC9 /* SlackClient */,
			);
			path = ServiceIntegrations;
			sourceTree = "<group>";
		};
		E19473F2205F9F8600CF12F9 /* MSTeamsClient */ = {
			isa = PBXGroup;
			children = (
				E19473F4205F9FC800CF12F9 /* MSTeamsClient.swift */,
			);
			path = MSTeamsClient;
			sourceTree = "<group>";
		};
		E19473FC205FD3B700CF12F9 /* UISubClasses */ = {
			isa = PBXGroup;
			children = (
				E19473FE205FD3F100CF12F9 /* AppBoxTableRowView.swift */,
			);
			path = UISubClasses;
			sourceTree = "<group>";
		};
		E1AA0F411E2F325F00BA81A1 /* QRCodeViewController */ = {
			isa = PBXGroup;
			children = (
				E1AA0F431E2F328300BA81A1 /* QRCodeViewController.swift */,
				AB00F1E50000000000000051 /* QRCodeView.swift */,
			);
			path = QRCodeViewController;
			sourceTree = "<group>";
		};
		E1C0246E1E9B4E4C00C87CC9 /* SlackClient */ = {
			isa = PBXGroup;
			children = (
				E1C024701E9B4E6C00C87CC9 /* SlackClient.swift */,
			);
			path = SlackClient;
			sourceTree = "<group>";
		};
		E1CFC65B1D7E7FD9005872BE /* Common */ = {
			isa = PBXGroup;
			children = (
				DB04358E2E6962DB005F0173 /* CLISupportHelper */,
				DB2629821F961F3100C4C647 /* DBErrorHandler */,
				704A0BB2FE5A7E33851F5FDB /* DefaultAppHandler */,
				DB425C021F8A514E008CB032 /* DefaultSettings */,
				E11633961E558609005EAB31 /* MobileProvision */,
				DBDCFBBB1F99C7860022097B /* UploadManager */,
				E19473FC205FD3B700CF12F9 /* UISubClasses */,
				E19473F0205F9F2900CF12F9 /* ServiceIntegrations */,
				E1902B501E16617B00C3E0F6 /* UserManager */,
				DB2629781F95ED8900C4C647 /* Extensions */,
				E1902B4B1E16617B00C3E0F6 /* MailHandler */,
				E1902B4F1E16617B00C3E0F6 /* UpdateHandler */,
				AB00F1E5000000000000C0A1 /* Common.swift */,
				AB00C0DE0000000000000006 /* AppServices.swift */,
				AB00C0DE0000000000000008 /* AppBoxSecrets.swift */,
			);
			path = Common;
			sourceTree = "<group>";
		};
		E1D12EDF1EC2F1420065E59A /* ThirdPartyPreferencesViewController */ = {
			isa = PBXGroup;
			children = (
				E1D12EE11EC2F17B0065E59A /* ThirdPartyPreferencesViewController.swift */,
				AB00F1E50000000000000081 /* ThirdPartyPreferencesView.swift */,
			);
			path = ThirdPartyPreferencesViewController;
			sourceTree = "<group>";
		};
/* End PBXGroup section */

/* Begin PBXNativeTarget section */
		367F0DC24506E92D3530690B /* AppBoxTests */ = {
			isa = PBXNativeTarget;
			buildConfigurationList = D4BF633B2BC821379016AAC9 /* Build configuration list for PBXNativeTarget "AppBoxTests" */;
			buildPhases = (
				4A568FBC3E2A1A064341626E /* Sources */,
				39EB20B3B931736A9853F6EB /* Frameworks */,
				4D460A77BBF2E26AD7EB3B42 /* Resources */,
			);
			buildRules = (
			);
			dependencies = (
				6D6716FA80C807155360DE15 /* PBXTargetDependency */,
			);
			name = AppBoxTests;
			productName = AppBoxTests;
			productReference = DB5BA11E2FC9C91D00A150BA /* AppBoxTests.xctest */;
			productType = "com.apple.product-type.bundle.unit-test";
		};
		DB0435822E696255005F0173 /* AppBoxCLI */ = {
			isa = PBXNativeTarget;
			buildConfigurationList = DB0435872E696255005F0173 /* Build configuration list for PBXNativeTarget "AppBoxCLI" */;
			buildPhases = (
				AB00C0DE000000000000000B /* Generate Secrets */,
				DB04357F2E696255005F0173 /* Sources */,
				DB0435802E696255005F0173 /* Frameworks */,
			);
			buildRules = (
			);
			dependencies = (
			);
			fileSystemSynchronizedGroups = (
				DB0435842E696255005F0173 /* AppBoxCLI */,
			);
			name = AppBoxCLI;
			packageProductDependencies = (
				DB8BAA902E6C433200186B7B /* ArgumentParser */,
				AB00C0DE0000000000000003 /* AppBoxCore */,
			);
			productName = AppBoxCLI;
			productReference = DB0435832E696255005F0173 /* appboxcli */;
			productType = "com.apple.product-type.tool";
		};
		E16437CE1D743A4E00CE8B7E /* AppBox */ = {
			isa = PBXNativeTarget;
			buildConfigurationList = E16437E61D743A4E00CE8B7E /* Build configuration list for PBXNativeTarget "AppBox" */;
			buildPhases = (
				AB00C0DE000000000000000A /* Generate Secrets */,
				E16437CB1D743A4E00CE8B7E /* Sources */,
				E16437CC1D743A4E00CE8B7E /* Frameworks */,
				E16437CD1D743A4E00CE8B7E /* Resources */,
				DB04357E2E696172005F0173 /* CopyFiles */,
			);
			buildRules = (
			);
			dependencies = (
				AB00C0DE0000000000000005 /* PBXTargetDependency */,
			);
			name = AppBox;
			packageProductDependencies = (
				AB00C0DE0000000000000002 /* AppBoxCore */,
			);
			productName = AppBox;
			productReference = E16437CF1D743A4E00CE8B7E /* AppBox.app */;
			productType = "com.apple.product-type.application";
		};
/* End PBXNativeTarget section */

/* Begin PBXProject section */
		E16437C71D743A4E00CE8B7E /* Project object */ = {
			isa = PBXProject;
			attributes = {
				LastSwiftUpdateCheck = 1640;
				LastUpgradeCheck = 1410;
				ORGANIZATIONNAME = "Developer Insider";
				TargetAttributes = {
					367F0DC24506E92D3530690B = {
						CreatedOnToolsVersion = 16.4;
						TestTargetID = E16437CE1D743A4E00CE8B7E;
					};
					DB0435822E696255005F0173 = {
						CreatedOnToolsVersion = 16.4;
					};
					E16437CE1D743A4E00CE8B7E = {
						CreatedOnToolsVersion = 7.3.1;
						SystemCapabilities = {
							com.apple.ApplicationGroups.Mac = {
								enabled = 0;
							};
						};
					};
				};
			};
			buildConfigurationList = E16437CA1D743A4E00CE8B7E /* Build configuration list for PBXProject "AppBox" */;
			developmentRegion = en;
			hasScannedForEncodings = 0;
			knownRegions = (
				en,
				Base,
			);
			mainGroup = E16437C61D743A4E00CE8B7E;
			packageReferences = (
				DB8BAA8F2E6C433200186B7B /* XCRemoteSwiftPackageReference "swift-argument-parser" */,
				AB00C0DE0000000000000001 /* XCLocalSwiftPackageReference "AppBoxCore" */,
			);
			preferredProjectObjectVersion = 77;
			productRefGroup = E16437D01D743A4E00CE8B7E /* Products */;
			projectDirPath = "";
			projectRoot = "";
			targets = (
				E16437CE1D743A4E00CE8B7E /* AppBox */,
				DB0435822E696255005F0173 /* AppBoxCLI */,
				367F0DC24506E92D3530690B /* AppBoxTests */,
			);
		};
/* End PBXProject section */

/* Begin PBXResourcesBuildPhase section */
		4D460A77BBF2E26AD7EB3B42 /* Resources */ = {
			isa = PBXResourcesBuildPhase;
			buildActionMask = 2147483647;
			files = (
			);
			runOnlyForDeploymentPostprocessing = 0;
		};
		E16437CD1D743A4E00CE8B7E /* Resources */ = {
			isa = PBXResourcesBuildPhase;
			buildActionMask = 2147483647;
			files = (
				DB26297D1F95F35C00C4C647 /* AppBoxIcons.xcassets in Resources */,
				E16437DF1D743A4E00CE8B7E /* Assets.xcassets in Resources */,
				DB6F784F215D459A00C77966 /* AppBoxColors.xcassets in Resources */,
			);
			runOnlyForDeploymentPostprocessing = 0;
		};
/* End PBXResourcesBuildPhase section */

/* Begin PBXShellScriptBuildPhase section */
		AB00C0DE000000000000000A /* Generate Secrets */ = {
			isa = PBXShellScriptBuildPhase;
			alwaysOutOfDate = 1;
			buildActionMask = 2147483647;
			files = (
			);
			inputPaths = (
			);
			name = "Generate Secrets";
			outputPaths = (
				"$(SRCROOT)/Generated/AppBox/AppBoxSecrets.swift",
			);
			runOnlyForDeploymentPostprocessing = 0;
			shellPath = /bin/sh;
			shellScript = "\"$SRCROOT/Scripts/generate-secrets.sh\"\n";
		};
		AB00C0DE000000000000000B /* Generate Secrets */ = {
			isa = PBXShellScriptBuildPhase;
			alwaysOutOfDate = 1;
			buildActionMask = 2147483647;
			files = (
			);
			inputPaths = (
			);
			name = "Generate Secrets";
			outputPaths = (
				"$(SRCROOT)/Generated/AppBoxCLI/AppBoxSecrets.swift",
			);
			runOnlyForDeploymentPostprocessing = 0;
			shellPath = /bin/sh;
			shellScript = "\"$SRCROOT/Scripts/generate-secrets.sh\"\n";
		};
/* End PBXShellScriptBuildPhase section */

/* Begin PBXSourcesBuildPhase section */
		4A568FBC3E2A1A064341626E /* Sources */ = {
			isa = PBXSourcesBuildPhase;
			buildActionMask = 2147483647;
			files = (
				5D20E6B57EA90CA7D6EA21F7 /* IPAUploadInfoTests.swift in Sources */,
				D9E5B24A6827FC5AD68D29D0 /* CommonTests.swift in Sources */,
				AA11BB22CC33DD44EE550012 /* MobileProvisionTests.swift in Sources */,
				AA11BB22CC33DD44EE550014 /* UserDataTests.swift in Sources */,
				AA11BB22CC33DD44EE550042 /* CLISupportHelperTests.swift in Sources */,
				AA11BB22CC33DD44EE550041 /* DBErrorHandlerTests.swift in Sources */,
				AA11BB22CC33DD44EE550015 /* MailHandlerTests.swift in Sources */,
			);
			runOnlyForDeploymentPostprocessing = 0;
		};
		DB04357F2E696255005F0173 /* Sources */ = {
			isa = PBXSourcesBuildPhase;
			buildActionMask = 2147483647;
			files = (
				AB00C0DE000000000000000C /* AppBoxSecrets.swift in Sources */,
			);
			runOnlyForDeploymentPostprocessing = 0;
		};
		E16437CB1D743A4E00CE8B7E /* Sources */ = {
			isa = PBXSourcesBuildPhase;
			buildActionMask = 2147483647;
			files = (
				E19473FF205FD3F100CF12F9 /* AppBoxTableRowView.swift in Sources */,
				AB00F1E5000000000000DA12 /* UserData.swift in Sources */,
				E16437D71D743A4E00CE8B7E /* AppBoxApp.swift in Sources */,
				DB831BCB1FF6B5780065B646 /* ABHudViewController.swift in Sources */,
				E1902B481E16423200C3E0F6 /* UploadAdvancedSettingViewController.swift in Sources */,
				AB00F1E5000000000000AD02 /* UploadAdvancedSettingView.swift in Sources */,
				DBF290D71FA64A590046D5CE /* ProvisioningDetailsViewController.swift in Sources */,
				AB00F1E50000000000000072 /* ProvisioningDetailsView.swift in Sources */,
				E16018F01DEC0BC200E3A377 /* DropboxViewController.swift in Sources */,
				AB00F1E5000000000000DB02 /* DropboxLoginView.swift in Sources */,
				E16437D41D743A4E00CE8B7E /* AppDelegate.swift in Sources */,
				AB00DA7A0000000000000020 /* ABProject+AppBox.swift in Sources */,
				AB00DA7A0000000000000021 /* ABUploadRecord+AppBox.swift in Sources */,
				AB00F1E5000000000000C0A2 /* Common.swift in Sources */,
				AB00C0DE0000000000000007 /* AppServices.swift in Sources */,
				AB00C0DE0000000000000009 /* AppBoxSecrets.swift in Sources */,
				AB00F1E5000000000000DE02 /* DefaultSettings.swift in Sources */,
				E18186DC1E8A47C10002509F /* AccountPreferencesViewController.swift in Sources */,
				AB00F1E5000000000000AC02 /* AccountPreferencesView.swift in Sources */,
				E19473F5205F9FC800CF12F9 /* MSTeamsClient.swift in Sources */,
				E12E6D0A1D8FC77D0054814D /* DashboardViewController.swift in Sources */,
				AB00F1E500000000000000E2 /* DashboardView.swift in Sources */,
				E1D12EE31EC2F17B0065E59A /* ThirdPartyPreferencesViewController.swift in Sources */,
				AB00F1E50000000000000082 /* ThirdPartyPreferencesView.swift in Sources */,
				DB53856A2083622A004BFC84 /* NSURL+URL.swift in Sources */,
				DB1C84412079F54E007AC74C /* NSString+String.swift in Sources */,
				E15C266A1D7FD5CE004243B9 /* ShowLinkViewController.swift in Sources */,
				AB00F1E50000000000000062 /* ShowLinkView.swift in Sources */,
				E11633991E558635005EAB31 /* MobileProvision.swift in Sources */,
				DB0435912E6962EA005F0173 /* CLISupportHelper.swift in Sources */,
				E1902B601E1661BE00C3E0F6 /* UpdateHandler.swift in Sources */,
				E14F33341E1A64CA00C3DD34 /* NSApplication+MenuHandler.swift in Sources */,
				E13946121DF2AFCF00B3FAD0 /* IPAUploadInfo.swift in Sources */,
				E1C024711E9B4E6C00C87CC9 /* SlackClient.swift in Sources */,
				E16437F31D743B6800CE8B7E /* HomeViewController.swift in Sources */,
				AB00F1E500000000000000F2 /* HomeView.swift in Sources */,
				E1AA0F441E2F328300BA81A1 /* QRCodeViewController.swift in Sources */,
				AB00F1E50000000000000052 /* QRCodeView.swift in Sources */,
				AB00F1E500000000000000B2 /* IslandStyle.swift in Sources */,
				DB26297B1F95ED9A00C4C647 /* NSDate+Date.swift in Sources */,
				E1902B5D1E1661B300C3E0F6 /* MailHandler.swift in Sources */,
				DBDCFBBE1F99C7860022097B /* UploadManager.swift in Sources */,
				E18186D61E8A45C30002509F /* PreferencesViewController.swift in Sources */,
				AB00F1E500000000000000A2 /* GeneralPreferencesView.swift in Sources */,
				E18186DF1E8A47CD0002509F /* EmailPreferencesViewController.swift in Sources */,
				AB00F1E50000000000000092 /* EmailPreferencesView.swift in Sources */,
				AB00F1E5000000000000EE02 /* DBErrorHandler.swift in Sources */,
				E18186E21E8A47D60002509F /* HelpPreferencesViewController.swift in Sources */,
				AB00F1E500000000000000C2 /* HelpPreferencesView.swift in Sources */,
				E18186CE1E8A3BC00002509F /* PreferencesTabViewController.swift in Sources */,
				AB00F1E500000000000000D2 /* PreferencesContainerView.swift in Sources */,
				AB00F1E5000000000000DA02 /* DefaultAppHandler.swift in Sources */,
			);
			runOnlyForDeploymentPostprocessing = 0;
		};
/* End PBXSourcesBuildPhase section */

/* Begin PBXTargetDependency section */
		6D6716FA80C807155360DE15 /* PBXTargetDependency */ = {
			isa = PBXTargetDependency;
			name = AppBox;
			target = E16437CE1D743A4E00CE8B7E /* AppBox */;
			targetProxy = 36376D9B366B3D16A6DDD659 /* PBXContainerItemProxy */;
		};
		AB00C0DE0000000000000005 /* PBXTargetDependency */ = {
			isa = PBXTargetDependency;
			name = AppBoxCLI;
			target = DB0435822E696255005F0173 /* AppBoxCLI */;
			targetProxy = AB00C0DE0000000000000004 /* PBXContainerItemProxy */;
		};
/* End PBXTargetDependency section */

/* Begin XCBuildConfiguration section */
		20D73489B2D59D7B20B6D742 /* Release */ = {
			isa = XCBuildConfiguration;
			buildSettings = {
				BUNDLE_LOADER = "$(TEST_HOST)";
				CODE_SIGN_IDENTITY = "Apple Development";
				CODE_SIGN_STYLE = Automatic;
				DEAD_CODE_STRIPPING = YES;
				DEVELOPMENT_TEAM = 3PQ7E4L589;
				GENERATE_INFOPLIST_FILE = YES;
				MACOSX_DEPLOYMENT_TARGET = 15.0;
				PRODUCT_BUNDLE_IDENTIFIER = com.developerinsider.AppBoxTests;
				PRODUCT_MODULE_NAME = "$(TARGET_NAME:c99extidentifier)";
				PRODUCT_NAME = "$(TARGET_NAME)";
				SDKROOT = macosx;
				SWIFT_VERSION = 5.0;
				TEST_HOST = "$(BUILT_PRODUCTS_DIR)/AppBox.app/Contents/MacOS/AppBox";
			};
			name = Release;
		};
		8F55BF9DC84A2B7F66AE5AA2 /* Debug */ = {
			isa = XCBuildConfiguration;
			buildSettings = {
				BUNDLE_LOADER = "$(TEST_HOST)";
				CODE_SIGN_IDENTITY = "Apple Development";
				CODE_SIGN_STYLE = Automatic;
				DEAD_CODE_STRIPPING = YES;
				DEVELOPMENT_TEAM = 3PQ7E4L589;
				GENERATE_INFOPLIST_FILE = YES;
				MACOSX_DEPLOYMENT_TARGET = 15.0;
				PRODUCT_BUNDLE_IDENTIFIER = com.developerinsider.AppBoxTests;
				PRODUCT_MODULE_NAME = "$(TARGET_NAME:c99extidentifier)";
				PRODUCT_NAME = "$(TARGET_NAME)";
				SDKROOT = macosx;
				SWIFT_VERSION = 5.0;
				TEST_HOST = "$(BUILT_PRODUCTS_DIR)/AppBox.app/Contents/MacOS/AppBox";
			};
			name = Debug;
		};
		DB0435882E696255005F0173 /* Debug */ = {
			isa = XCBuildConfiguration;
			buildSettings = {
				ASSETCATALOG_COMPILER_GENERATE_SWIFT_ASSET_SYMBOL_EXTENSIONS = YES;
				CLANG_ANALYZER_NUMBER_OBJECT_CONVERSION = YES_AGGRESSIVE;
				CLANG_CXX_LANGUAGE_STANDARD = "gnu++20";
				CLANG_ENABLE_OBJC_WEAK = YES;
				CLANG_WARN_DOCUMENTATION_COMMENTS = YES;
				CLANG_WARN_UNGUARDED_AVAILABILITY = YES_AGGRESSIVE;
				"CODE_SIGN_IDENTITY[sdk=macosx*]" = "Apple Development";
				CODE_SIGN_STYLE = Automatic;
				DEVELOPMENT_TEAM = 3PQ7E4L589;
				ENABLE_HARDENED_RUNTIME = YES;
				ENABLE_USER_SCRIPT_SANDBOXING = NO;
				GCC_C_LANGUAGE_STANDARD = gnu17;
				LD_RUNPATH_SEARCH_PATHS = (
					"$(inherited)",
					"@executable_path/../Frameworks",
				);
				LOCALIZATION_PREFERS_STRING_CATALOGS = YES;
				MACOSX_DEPLOYMENT_TARGET = 15.0;
				MTL_ENABLE_DEBUG_INFO = INCLUDE_SOURCE;
				MTL_FAST_MATH = YES;
				PRODUCT_BUNDLE_IDENTIFIER = com.developerinsider.AppBoxCLI;
				PRODUCT_NAME = appboxcli;
				SKIP_INSTALL = YES;
				SWIFT_ACTIVE_COMPILATION_CONDITIONS = "DEBUG $(inherited)";
				SWIFT_OPTIMIZATION_LEVEL = "-Onone";
				SWIFT_VERSION = 5.0;
			};
			name = Debug;
		};
		DB0435892E696255005F0173 /* Release */ = {
			isa = XCBuildConfiguration;
			buildSettings = {
				ASSETCATALOG_COMPILER_GENERATE_SWIFT_ASSET_SYMBOL_EXTENSIONS = YES;
				CLANG_ANALYZER_NUMBER_OBJECT_CONVERSION = YES_AGGRESSIVE;
				CLANG_CXX_LANGUAGE_STANDARD = "gnu++20";
				CLANG_ENABLE_OBJC_WEAK = YES;
				CLANG_WARN_DOCUMENTATION_COMMENTS = YES;
				CLANG_WARN_UNGUARDED_AVAILABILITY = YES_AGGRESSIVE;
				CODE_SIGN_IDENTITY = "Apple Development";
				"CODE_SIGN_IDENTITY[sdk=macosx*]" = "Developer ID Application";
				CODE_SIGN_STYLE = Manual;
				DEVELOPMENT_TEAM = "";
				"DEVELOPMENT_TEAM[sdk=macosx*]" = 3PQ7E4L589;
				ENABLE_HARDENED_RUNTIME = YES;
				ENABLE_USER_SCRIPT_SANDBOXING = NO;
				GCC_C_LANGUAGE_STANDARD = gnu17;
				LD_RUNPATH_SEARCH_PATHS = (
					"$(inherited)",
					"@executable_path/../Frameworks",
				);
				LOCALIZATION_PREFERS_STRING_CATALOGS = YES;
				MACOSX_DEPLOYMENT_TARGET = 15.0;
				MTL_FAST_MATH = YES;
				PRODUCT_BUNDLE_IDENTIFIER = com.developerinsider.AppBoxCLI;
				PRODUCT_NAME = appboxcli;
				PROVISIONING_PROFILE_SPECIFIER = "";
				SKIP_INSTALL = YES;
				SWIFT_COMPILATION_MODE = wholemodule;
				SWIFT_VERSION = 5.0;
			};
			name = Release;
		};
		E16437E41D743A4E00CE8B7E /* Debug */ = {
			isa = XCBuildConfiguration;
			buildSettings = {
				ALWAYS_SEARCH_USER_PATHS = NO;
				CLANG_ANALYZER_LOCALIZABILITY_NONLOCALIZED = YES;
				CLANG_ANALYZER_NONNULL = YES;
				CLANG_CXX_LANGUAGE_STANDARD = "gnu++0x";
				CLANG_CXX_LIBRARY = "libc++";
				CLANG_ENABLE_MODULES = YES;
				CLANG_ENABLE_OBJC_ARC = YES;
				CLANG_WARN_BLOCK_CAPTURE_AUTORELEASING = YES;
				CLANG_WARN_BOOL_CONVERSION = YES;
				CLANG_WARN_COMMA = YES;
				CLANG_WARN_CONSTANT_CONVERSION = YES;
				CLANG_WARN_DEPRECATED_OBJC_IMPLEMENTATIONS = YES;
				CLANG_WARN_DIRECT_OBJC_ISA_USAGE = YES_ERROR;
				CLANG_WARN_EMPTY_BODY = YES;
				CLANG_WARN_ENUM_CONVERSION = YES;
				CLANG_WARN_INFINITE_RECURSION = YES;
				CLANG_WARN_INT_CONVERSION = YES;
				CLANG_WARN_NON_LITERAL_NULL_CONVERSION = YES;
				CLANG_WARN_OBJC_IMPLICIT_RETAIN_SELF = YES;
				CLANG_WARN_OBJC_LITERAL_CONVERSION = YES;
				CLANG_WARN_OBJC_ROOT_CLASS = YES_ERROR;
				CLANG_WARN_QUOTED_INCLUDE_IN_FRAMEWORK_HEADER = YES;
				CLANG_WARN_RANGE_LOOP_ANALYSIS = YES;
				CLANG_WARN_STRICT_PROTOTYPES = YES;
				CLANG_WARN_SUSPICIOUS_MOVE = YES;
				CLANG_WARN_UNREACHABLE_CODE = YES;
				CLANG_WARN__DUPLICATE_METHOD_MATCH = YES;
				CODE_SIGN_IDENTITY = "-";
				COPY_PHASE_STRIP = NO;
				DEAD_CODE_STRIPPING = YES;
				DEBUG_INFORMATION_FORMAT = dwarf;
				ENABLE_STRICT_OBJC_MSGSEND = YES;
				ENABLE_TESTABILITY = YES;
				GCC_C_LANGUAGE_STANDARD = gnu99;
				GCC_DYNAMIC_NO_PIC = NO;
				GCC_NO_COMMON_BLOCKS = YES;
				GCC_OPTIMIZATION_LEVEL = 0;
				GCC_PREPROCESSOR_DEFINITIONS = (
					"DEBUG=1",
					"$(inherited)",
				);
				GCC_WARN_64_TO_32_BIT_CONVERSION = YES;
				GCC_WARN_ABOUT_RETURN_TYPE = YES_ERROR;
				GCC_WARN_UNDECLARED_SELECTOR = YES;
				GCC_WARN_UNINITIALIZED_AUTOS = YES_AGGRESSIVE;
				GCC_WARN_UNUSED_FUNCTION = YES;
				GCC_WARN_UNUSED_VARIABLE = YES;
				MACOSX_DEPLOYMENT_TARGET = 15.0;
				MTL_ENABLE_DEBUG_INFO = YES;
				ONLY_ACTIVE_ARCH = YES;
				SDKROOT = macosx;
			};
			name = Debug;
		};
		E16437E51D743A4E00CE8B7E /* Release */ = {
			isa = XCBuildConfiguration;
			buildSettings = {
				ALWAYS_SEARCH_USER_PATHS = NO;
				CLANG_ANALYZER_LOCALIZABILITY_NONLOCALIZED = YES;
				CLANG_ANALYZER_NONNULL = YES;
				CLANG_CXX_LANGUAGE_STANDARD = "gnu++0x";
				CLANG_CXX_LIBRARY = "libc++";
				CLANG_ENABLE_MODULES = YES;
				CLANG_ENABLE_OBJC_ARC = YES;
				CLANG_WARN_BLOCK_CAPTURE_AUTORELEASING = YES;
				CLANG_WARN_BOOL_CONVERSION = YES;
				CLANG_WARN_COMMA = YES;
				CLANG_WARN_CONSTANT_CONVERSION = YES;
				CLANG_WARN_DEPRECATED_OBJC_IMPLEMENTATIONS = YES;
				CLANG_WARN_DIRECT_OBJC_ISA_USAGE = YES_ERROR;
				CLANG_WARN_EMPTY_BODY = YES;
				CLANG_WARN_ENUM_CONVERSION = YES;
				CLANG_WARN_INFINITE_RECURSION = YES;
				CLANG_WARN_INT_CONVERSION = YES;
				CLANG_WARN_NON_LITERAL_NULL_CONVERSION = YES;
				CLANG_WARN_OBJC_IMPLICIT_RETAIN_SELF = YES;
				CLANG_WARN_OBJC_LITERAL_CONVERSION = YES;
				CLANG_WARN_OBJC_ROOT_CLASS = YES_ERROR;
				CLANG_WARN_QUOTED_INCLUDE_IN_FRAMEWORK_HEADER = YES;
				CLANG_WARN_RANGE_LOOP_ANALYSIS = YES;
				CLANG_WARN_STRICT_PROTOTYPES = YES;
				CLANG_WARN_SUSPICIOUS_MOVE = YES;
				CLANG_WARN_UNREACHABLE_CODE = YES;
				CLANG_WARN__DUPLICATE_METHOD_MATCH = YES;
				CODE_SIGN_IDENTITY = "-";
				COPY_PHASE_STRIP = NO;
				DEAD_CODE_STRIPPING = YES;
				DEBUG_INFORMATION_FORMAT = "dwarf-with-dsym";
				ENABLE_NS_ASSERTIONS = NO;
				ENABLE_STRICT_OBJC_MSGSEND = YES;
				GCC_C_LANGUAGE_STANDARD = gnu99;
				GCC_NO_COMMON_BLOCKS = YES;
				GCC_WARN_64_TO_32_BIT_CONVERSION = YES;
				GCC_WARN_ABOUT_RETURN_TYPE = YES_ERROR;
				GCC_WARN_UNDECLARED_SELECTOR = YES;
				GCC_WARN_UNINITIALIZED_AUTOS = YES_AGGRESSIVE;
				GCC_WARN_UNUSED_FUNCTION = YES;
				GCC_WARN_UNUSED_VARIABLE = YES;
				MACOSX_DEPLOYMENT_TARGET = 15.0;
				MTL_ENABLE_DEBUG_INFO = NO;
				SDKROOT = macosx;
			};
			name = Release;
		};
		E16437E71D743A4E00CE8B7E /* Debug */ = {
			isa = XCBuildConfiguration;
			buildSettings = {
				ASSETCATALOG_COMPILER_APPICON_NAME = AppIcon;
				CODE_SIGN_ENTITLEMENTS = AppBox/AppBox.entitlements;
				CODE_SIGN_IDENTITY = "Apple Development";
				COMBINE_HIDPI_IMAGES = YES;
				CURRENT_PROJECT_VERSION = 1;
				DEAD_CODE_STRIPPING = YES;
				DEVELOPMENT_TEAM = 3PQ7E4L589;
				ENABLE_APP_SANDBOX = NO;
				ENABLE_HARDENED_RUNTIME = YES;
				INFOPLIST_FILE = AppBox/Info.plist;
				INFOPLIST_KEY_LSApplicationCategoryType = "public.app-category.developer-tools";
				LD_RUNPATH_SEARCH_PATHS = (
					"$(inherited)",
					"@executable_path/../Frameworks",
				);
				MACOSX_DEPLOYMENT_TARGET = 15.0;
				MARKETING_VERSION = 3.7.0;
				PRODUCT_BUNDLE_IDENTIFIER = com.developerinsider.AppBox;
				PRODUCT_NAME = "$(TARGET_NAME)";
				SWIFT_VERSION = 5.0;
			};
			name = Debug;
		};
		E16437E81D743A4E00CE8B7E /* Release */ = {
			isa = XCBuildConfiguration;
			buildSettings = {
				ASSETCATALOG_COMPILER_APPICON_NAME = AppIcon;
				CODE_SIGN_ENTITLEMENTS = AppBox/AppBox.entitlements;
				CODE_SIGN_IDENTITY = "Developer ID Application: Vineet Choudhary (3PQ7E4L589)";
				CODE_SIGN_STYLE = Manual;
				COMBINE_HIDPI_IMAGES = YES;
				CURRENT_PROJECT_VERSION = 1;
				DEAD_CODE_STRIPPING = YES;
				DEVELOPMENT_TEAM = "";
				"DEVELOPMENT_TEAM[sdk=macosx*]" = 3PQ7E4L589;
				ENABLE_APP_SANDBOX = NO;
				ENABLE_HARDENED_RUNTIME = YES;
				INFOPLIST_FILE = AppBox/Info.plist;
				INFOPLIST_KEY_LSApplicationCategoryType = "public.app-category.developer-tools";
				LD_RUNPATH_SEARCH_PATHS = (
					"$(inherited)",
					"@executable_path/../Frameworks",
				);
				MACOSX_DEPLOYMENT_TARGET = 15.0;
				MARKETING_VERSION = 3.7.0;
				PRODUCT_BUNDLE_IDENTIFIER = com.developerinsider.AppBox;
				PRODUCT_NAME = "$(TARGET_NAME)";
				PROVISIONING_PROFILE_SPECIFIER = "";
				"PROVISIONING_PROFILE_SPECIFIER[sdk=macosx*]" = "AppBox Developer ID";
				SWIFT_VERSION = 5.0;
			};
			name = Release;
		};
/* End XCBuildConfiguration section */

/* Begin XCConfigurationList section */
		D4BF633B2BC821379016AAC9 /* Build configuration list for PBXNativeTarget "AppBoxTests" */ = {
			isa = XCConfigurationList;
			buildConfigurations = (
				20D73489B2D59D7B20B6D742 /* Release */,
				8F55BF9DC84A2B7F66AE5AA2 /* Debug */,
			);
			defaultConfigurationIsVisible = 0;
			defaultConfigurationName = Release;
		};
		DB0435872E696255005F0173 /* Build configuration list for PBXNativeTarget "AppBoxCLI" */ = {
			isa = XCConfigurationList;
			buildConfigurations = (
				DB0435882E696255005F0173 /* Debug */,
				DB0435892E696255005F0173 /* Release */,
			);
			defaultConfigurationIsVisible = 0;
			defaultConfigurationName = Release;
		};
		E16437CA1D743A4E00CE8B7E /* Build configuration list for PBXProject "AppBox" */ = {
			isa = XCConfigurationList;
			buildConfigurations = (
				E16437E41D743A4E00CE8B7E /* Debug */,
				E16437E51D743A4E00CE8B7E /* Release */,
			);
			defaultConfigurationIsVisible = 0;
			defaultConfigurationName = Release;
		};
		E16437E61D743A4E00CE8B7E /* Build configuration list for PBXNativeTarget "AppBox" */ = {
			isa = XCConfigurationList;
			buildConfigurations = (
				E16437E71D743A4E00CE8B7E /* Debug */,
				E16437E81D743A4E00CE8B7E /* Release */,
			);
			defaultConfigurationIsVisible = 0;
			defaultConfigurationName = Release;
		};
/* End XCConfigurationList section */

/* Begin XCLocalSwiftPackageReference section */
		AB00C0DE0000000000000001 /* XCLocalSwiftPackageReference "AppBoxCore" */ = {
			isa = XCLocalSwiftPackageReference;
			relativePath = AppBoxCore;
		};
/* End XCLocalSwiftPackageReference section */

/* Begin XCRemoteSwiftPackageReference section */
		DB8BAA8F2E6C433200186B7B /* XCRemoteSwiftPackageReference "swift-argument-parser" */ = {
			isa = XCRemoteSwiftPackageReference;
			repositoryURL = "https://github.com/apple/swift-argument-parser.git";
			requirement = {
				kind = upToNextMajorVersion;
				minimumVersion = 1.6.1;
			};
		};
/* End XCRemoteSwiftPackageReference section */

/* Begin XCSwiftPackageProductDependency section */
		AB00C0DE0000000000000002 /* AppBoxCore */ = {
			isa = XCSwiftPackageProductDependency;
			package = AB00C0DE0000000000000001 /* XCLocalSwiftPackageReference "AppBoxCore" */;
			productName = AppBoxCore;
		};
		AB00C0DE0000000000000003 /* AppBoxCore */ = {
			isa = XCSwiftPackageProductDependency;
			package = AB00C0DE0000000000000001 /* XCLocalSwiftPackageReference "AppBoxCore" */;
			productName = AppBoxCore;
		};
		DB8BAA902E6C433200186B7B /* ArgumentParser */ = {
			isa = XCSwiftPackageProductDependency;
			package = DB8BAA8F2E6C433200186B7B /* XCRemoteSwiftPackageReference "swift-argument-parser" */;
			productName = ArgumentParser;
		};
/* End XCSwiftPackageProductDependency section */
	};
	rootObject = E16437C71D743A4E00CE8B7E /* Project object */;
}
