// !$*UTF8*$!
{
	archiveVersion = 1;
	classes = {
	};
	objectVersion = 56;
	objects = {

/* Begin PBXBuildFile section */
		DBA89840297921C300E16E7E /* AppBoxApp.swift in Sources */ = {isa = PBXBuildFile; fileRef = DBA8983F297921C300E16E7E /* AppBoxApp.swift */; };
		DBA89842297921C300E16E7E /* ContentView.swift in Sources */ = {isa = PBXBuildFile; fileRef = DBA89841297921C300E16E7E /* ContentView.swift */; };
		DBA89844297921C600E16E7E /* Assets.xcassets in Resources */ = {isa = PBXBuildFile; fileRef = DBA89843297921C600E16E7E /* Assets.xcassets */; };
		DBA89847297921C600E16E7E /* Preview Assets.xcassets in Resources */ = {isa = PBXBuildFile; fileRef = DBA89846297921C600E16E7E /* Preview Assets.xcassets */; };
		DBA89849297921C600E16E7E /* Persistence.swift in Sources */ = {isa = PBXBuildFile; fileRef = DBA89848297921C600E16E7E /* Persistence.swift */; };
		DBA8984C297921C600E16E7E /* AppBox.xcdatamodeld in Sources */ = {isa = PBXBuildFile; fileRef = DBA8984A297921C600E16E7E /* AppBox.xcdatamodeld */; };
		DBA89857297921C600E16E7E /* AppBoxTests.swift in Sources */ = {isa = PBXBuildFile; fileRef = DBA89856297921C600E16E7E /* AppBoxTests.swift */; };
		DBA89861297921C600E16E7E /* AppBoxUITests.swift in Sources */ = {isa = PBXBuildFile; fileRef = DBA89860297921C600E16E7E /* AppBoxUITests.swift */; };
		DBA89863297921C600E16E7E /* AppBoxUITestsLaunchTests.swift in Sources */ = {isa = PBXBuildFile; fileRef = DBA89862297921C600E16E7E /* AppBoxUITestsLaunchTests.swift */; };
		DBA898742979224000E16E7E /* AppBoxCore in Frameworks */ = {isa = PBXBuildFile; productRef = DBA898732979224000E16E7E /* AppBoxCore */; };
/* End PBXBuildFile section */

/* Begin PBXContainerItemProxy section */
		DBA89853297921C600E16E7E /* PBXContainerItemProxy */ = {
			isa = PBXContainerItemProxy;
			containerPortal = DBA89834297921C300E16E7E /* Project object */;
			proxyType = 1;
			remoteGlobalIDString = DBA8983B297921C300E16E7E;
			remoteInfo = AppBox;
		};
		DBA8985D297921C600E16E7E /* PBXContainerItemProxy */ = {
			isa = PBXContainerItemProxy;
			containerPortal = DBA89834297921C300E16E7E /* Project object */;
			proxyType = 1;
			remoteGlobalIDString = DBA8983B297921C300E16E7E;
			remoteInfo = AppBox;
		};
/* End PBXContainerItemProxy section */

/* Begin PBXFileReference section */
		DBA8983C297921C300E16E7E /* AppBox.app */ = {isa = PBXFileReference; explicitFileType = wrapper.application; includeInIndex = 0; path = AppBox.app; sourceTree = BUILT_PRODUCTS_DIR; };
		DBA8983F297921C300E16E7E /* AppBoxApp.swift */ = {isa = PBXFileReference; lastKnownFileType = sourcecode.swift; path = AppBoxApp.swift; sourceTree = "<group>"; };
		DBA89841297921C300E16E7E /* ContentView.swift */ = {isa = PBXFileReference; lastKnownFileType = sourcecode.swift; path = ContentView.swift; sourceTree = "<group>"; };
		DBA89843297921C600E16E7E /* Assets.xcassets */ = {isa = PBXFileReference; lastKnownFileType = folder.assetcatalog; path = Assets.xcassets; sourceTree = "<group>"; };
		DBA89846297921C600E16E7E /* Preview Assets.xcassets */ = {isa = PBXFileReference; lastKnownFileType = folder.assetcatalog; path = "Preview Assets.xcassets"; sourceTree = "<group>"; };
		DBA89848297921C600E16E7E /* Persistence.swift */ = {isa = PBXFileReference; lastKnownFileType = sourcecode.swift; path = Persistence.swift; sourceTree = "<group>"; };
		DBA8984B297921C600E16E7E /* AppBox.xcdatamodel */ = {isa = PBXFileReference; lastKnownFileType = wrapper.xcdatamodel; path = AppBox.xcdatamodel; sourceTree = "<group>"; };
		DBA8984D297921C600E16E7E /* AppBox.entitlements */ = {isa = PBXFileReference; lastKnownFileType = text.plist.entitlements; path = AppBox.entitlements; sourceTree = "<group>"; };
		DBA89852297921C600E16E7E /* AppBoxTests.xctest */ = {isa = PBXFileReference; explicitFileType = wrapper.cfbundle; includeInIndex = 0; path = AppBoxTests.xctest; sourceTree = BUILT_PRODUCTS_DIR; };
		DBA89856297921C600E16E7E /* AppBoxTests.swift */ = {isa = PBXFileReference; lastKnownFileType = sourcecode.swift; path = AppBoxTests.swift; sourceTree = "<group>"; };
		DBA8985C297921C600E16E7E /* AppBoxUITests.xctest */ = {isa = PBXFileReference; explicitFileType = wrapper.cfbundle; includeInIndex = 0; path = AppBoxUITests.xctest; sourceTree = BUILT_PRODUCTS_DIR; };
		DBA89860297921C600E16E7E /* AppBoxUITests.swift */ = {isa = PBXFileReference; lastKnownFileType = sourcecode.swift; path = AppBoxUITests.swift; sourceTree = "<group>"; };
		DBA89862297921C600E16E7E /* AppBoxUITestsLaunchTests.swift */ = {isa = PBXFileReference; lastKnownFileType = sourcecode.swift; path = AppBoxUITestsLaunchTests.swift; sourceTree = "<group>"; };
/* End PBXFileReference section */

/* Begin PBXFrameworksBuildPhase section */
		DBA89839297921C300E16E7E /* Frameworks */ = {
			isa = PBXFrameworksBuildPhase;
			buildActionMask = 2147483647;
			files = (
				DBA898742979224000E16E7E /* AppBoxCore in Frameworks */,
			);
			runOnlyForDeploymentPostprocessing = 0;
		};
		DBA8984F297921C600E16E7E /* Frameworks */ = {
			isa = PBXFrameworksBuildPhase;
			buildActionMask = 2147483647;
			files = (
			);
			runOnlyForDeploymentPostprocessing = 0;
		};
		DBA89859297921C600E16E7E /* Frameworks */ = {
			isa = PBXFrameworksBuildPhase;
			buildActionMask = 2147483647;
			files = (
			);
			runOnlyForDeploymentPostprocessing = 0;
		};
/* End PBXFrameworksBuildPhase section */

/* Begin PBXGroup section */
		DBA89833297921C300E16E7E = {
			isa = PBXGroup;
			children = (
				DBA8983E297921C300E16E7E /* AppBox */,
				DBA89855297921C600E16E7E /* AppBoxTests */,
				DBA8985F297921C600E16E7E /* AppBoxUITests */,
				DBA8983D297921C300E16E7E /* Products */,
				DBA898722979224000E16E7E /* Frameworks */,
			);
			sourceTree = "<group>";
		};
		DBA8983D297921C300E16E7E /* Products */ = {
			isa = PBXGroup;
			children = (
				DBA8983C297921C300E16E7E /* AppBox.app */,
				DBA89852297921C600E16E7E /* AppBoxTests.xctest */,
				DBA8985C297921C600E16E7E /* AppBoxUITests.xctest */,
			);
			name = Products;
			sourceTree = "<group>";
		};
		DBA8983E297921C300E16E7E /* AppBox */ = {
			isa = PBXGroup;
			children = (
				DBA8983F297921C300E16E7E /* AppBoxApp.swift */,
				DBA89841297921C300E16E7E /* ContentView.swift */,
				DBA89843297921C600E16E7E /* Assets.xcassets */,
				DBA89848297921C600E16E7E /* Persistence.swift */,
				DBA8984D297921C600E16E7E /* AppBox.entitlements */,
				DBA8984A297921C600E16E7E /* AppBox.xcdatamodeld */,
				DBA89845297921C600E16E7E /* Preview Content */,
			);
			path = AppBox;
			sourceTree = "<group>";
		};
		DBA89845297921C600E16E7E /* Preview Content */ = {
			isa = PBXGroup;
			children = (
				DBA89846297921C600E16E7E /* Preview Assets.xcassets */,
			);
			path = "Preview Content";
			sourceTree = "<group>";
		};
		DBA89855297921C600E16E7E /* AppBoxTests */ = {
			isa = PBXGroup;
			children = (
				DBA89856297921C600E16E7E /* AppBoxTests.swift */,
			);
			path = AppBoxTests;
			sourceTree = "<group>";
		};
		DBA8985F297921C600E16E7E /* AppBoxUITests */ = {
			isa = PBXGroup;
			children = (
				DBA89860297921C600E16E7E /* AppBoxUITests.swift */,
				DBA89862297921C600E16E7E /* AppBoxUITestsLaunchTests.swift */,
			);
			path = AppBoxUITests;
			sourceTree = "<group>";
		};
		DBA898722979224000E16E7E /* Frameworks */ = {
			isa = PBXGroup;
			children = (
			);
			name = Frameworks;
			sourceTree = "<group>";
		};
/* End PBXGroup section */

/* Begin PBXNativeTarget section */
		DBA8983B297921C300E16E7E /* AppBox */ = {
			isa = PBXNativeTarget;
			buildConfigurationList = DBA89866297921C600E16E7E /* Build configuration list for PBXNativeTarget "AppBox" */;
			buildPhases = (
				DBA89838297921C300E16E7E /* Sources */,
				DBA89839297921C300E16E7E /* Frameworks */,
				DBA8983A297921C300E16E7E /* Resources */,
			);
			buildRules = (
			);
			dependencies = (
			);
			name = AppBox;
			packageProductDependencies = (
				DBA898732979224000E16E7E /* AppBoxCore */,
			);
			productName = AppBox;
			productReference = DBA8983C297921C300E16E7E /* AppBox.app */;
			productType = "com.apple.product-type.application";
		};
		DBA89851297921C600E16E7E /* AppBoxTests */ = {
			isa = PBXNativeTarget;
			buildConfigurationList = DBA89869297921C600E16E7E /* Build configuration list for PBXNativeTarget "AppBoxTests" */;
			buildPhases = (
				DBA8984E297921C600E16E7E /* Sources */,
				DBA8984F297921C600E16E7E /* Frameworks */,
				DBA89850297921C600E16E7E /* Resources */,
			);
			buildRules = (
			);
			dependencies = (
				DBA89854297921C600E16E7E /* PBXTargetDependency */,
			);
			name = AppBoxTests;
			productName = AppBoxTests;
			productReference = DBA89852297921C600E16E7E /* AppBoxTests.xctest */;
			productType = "com.apple.product-type.bundle.unit-test";
		};
		DBA8985B297921C600E16E7E /* AppBoxUITests */ = {
			isa = PBXNativeTarget;
			buildConfigurationList = DBA8986C297921C600E16E7E /* Build configuration list for PBXNativeTarget "AppBoxUITests" */;
			buildPhases = (
				DBA89858297921C600E16E7E /* Sources */,
				DBA89859297921C600E16E7E /* Frameworks */,
				DBA8985A297921C600E16E7E /* Resources */,
			);
			buildRules = (
			);
			dependencies = (
				DBA8985E297921C600E16E7E /* PBXTargetDependency */,
			);
			name = AppBoxUITests;
			productName = AppBoxUITests;
			productReference = DBA8985C297921C600E16E7E /* AppBoxUITests.xctest */;
			productType = "com.apple.product-type.bundle.ui-testing";
		};
/* End PBXNativeTarget section */

/* Begin PBXProject section */
		DBA89834297921C300E16E7E /* Project object */ = {
			isa = PBXProject;
			attributes = {
				BuildIndependentTargetsInParallel = 1;
				LastSwiftUpdateCheck = 1420;
				LastUpgradeCheck = 1420;
				TargetAttributes = {
					DBA8983B297921C300E16E7E = {
						CreatedOnToolsVersion = 14.2;
					};
					DBA89851297921C600E16E7E = {
						CreatedOnToolsVersion = 14.2;
						TestTargetID = DBA8983B297921C300E16E7E;
					};
					DBA8985B297921C600E16E7E = {
						CreatedOnToolsVersion = 14.2;
						TestTargetID = DBA8983B297921C300E16E7E;
					};
				};
			};
			buildConfigurationList = DBA89837297921C300E16E7E /* Build configuration list for PBXProject "AppBox" */;
			compatibilityVersion = "Xcode 14.0";
			developmentRegion = en;
			hasScannedForEncodings = 0;
			knownRegions = (
				en,
				Base,
			);
			mainGroup = DBA89833297921C300E16E7E;
			productRefGroup = DBA8983D297921C300E16E7E /* Products */;
			projectDirPath = "";
			projectRoot = "";
			targets = (
				DBA8983B297921C300E16E7E /* AppBox */,
				DBA89851297921C600E16E7E /* AppBoxTests */,
				DBA8985B297921C600E16E7E /* AppBoxUITests */,
			);
		};
/* End PBXProject section */

/* Begin PBXResourcesBuildPhase section */
		DBA8983A297921C300E16E7E /* Resources */ = {
			isa = PBXResourcesBuildPhase;
			buildActionMask = 2147483647;
			files = (
				DBA89847297921C600E16E7E /* Preview Assets.xcassets in Resources */,
				DBA89844297921C600E16E7E /* Assets.xcassets in Resources */,
			);
			runOnlyForDeploymentPostprocessing = 0;
		};
		DBA89850297921C600E16E7E /* Resources */ = {
			isa = PBXResourcesBuildPhase;
			buildActionMask = 2147483647;
			files = (
			);
			runOnlyForDeploymentPostprocessing = 0;
		};
		DBA8985A297921C600E16E7E /* Resources */ = {
			isa = PBXResourcesBuildPhase;
			buildActionMask = 2147483647;
			files = (
			);
			runOnlyForDeploymentPostprocessing = 0;
		};
/* End PBXResourcesBuildPhase section */

/* Begin PBXSourcesBuildPhase section */
		DBA89838297921C300E16E7E /* Sources */ = {
			isa = PBXSourcesBuildPhase;
			buildActionMask = 2147483647;
			files = (
				DBA89849297921C600E16E7E /* Persistence.swift in Sources */,
				DBA8984C297921C600E16E7E /* AppBox.xcdatamodeld in Sources */,
				DBA89842297921C300E16E7E /* ContentView.swift in Sources */,
				DBA89840297921C300E16E7E /* AppBoxApp.swift in Sources */,
			);
			runOnlyForDeploymentPostprocessing = 0;
		};
		DBA8984E297921C600E16E7E /* Sources */ = {
			isa = PBXSourcesBuildPhase;
			buildActionMask = 2147483647;
			files = (
				DBA89857297921C600E16E7E /* AppBoxTests.swift in Sources */,
			);
			runOnlyForDeploymentPostprocessing = 0;
		};
		DBA89858297921C600E16E7E /* Sources */ = {
			isa = PBXSourcesBuildPhase;
			buildActionMask = 2147483647;
			files = (
				DBA89863297921C600E16E7E /* AppBoxUITestsLaunchTests.swift in Sources */,
				DBA89861297921C600E16E7E /* AppBoxUITests.swift in Sources */,
			);
			runOnlyForDeploymentPostprocessing = 0;
		};
/* End PBXSourcesBuildPhase section */

/* Begin PBXTargetDependency section */
		DBA89854297921C600E16E7E /* PBXTargetDependency */ = {
			isa = PBXTargetDependency;
			target = DBA8983B297921C300E16E7E /* AppBox */;
			targetProxy = DBA89853297921C600E16E7E /* PBXContainerItemProxy */;
		};
		DBA8985E297921C600E16E7E /* PBXTargetDependency */ = {
			isa = PBXTargetDependency;
			target = DBA8983B297921C300E16E7E /* AppBox */;
			targetProxy = DBA8985D297921C600E16E7E /* PBXContainerItemProxy */;
		};
/* End PBXTargetDependency section */

/* Begin XCBuildConfiguration section */
		DBA89864297921C600E16E7E /* Debug */ = {
			isa = XCBuildConfiguration;
			buildSettings = {
				ALWAYS_SEARCH_USER_PATHS = NO;
				CLANG_ANALYZER_NONNULL = YES;
				CLANG_ANALYZER_NUMBER_OBJECT_CONVERSION = YES_AGGRESSIVE;
				CLANG_CXX_LANGUAGE_STANDARD = "gnu++20";
				CLANG_ENABLE_MODULES = YES;
				CLANG_ENABLE_OBJC_ARC = YES;
				CLANG_ENABLE_OBJC_WEAK = YES;
				CLANG_WARN_BLOCK_CAPTURE_AUTORELEASING = YES;
				CLANG_WARN_BOOL_CONVERSION = YES;
				CLANG_WARN_COMMA = YES;
				CLANG_WARN_CONSTANT_CONVERSION = YES;
				CLANG_WARN_DEPRECATED_OBJC_IMPLEMENTATIONS = YES;
				CLANG_WARN_DIRECT_OBJC_ISA_USAGE = YES_ERROR;
				CLANG_WARN_DOCUMENTATION_COMMENTS = YES;
				CLANG_WARN_EMPTY_BODY = YES;
				CLANG_WARN_ENUM_CONVERSION = YES;
				CLANG_WARN_INFINITE_RECURSION = YES;
				CLANG_WARN_INT_CONVERSION = YES;
				CLANG_WARN_NON_LITERAL_NULL_CONVERSION = YES;
				CLANG_WARN_OBJC_IMPLICIT_RETAIN_SELF = YES;
				CLANG_WARN_OBJC_LITERAL_CONVERSION = YES;
				CLANG_WARN_OBJC_ROOT_CLASS = YES_ERROR;
				CLANG_WARN_QUOTED_INCLUDE_IN_FRAMEWORK_HEADER = YES;
				CLANG_WARN_RANGE_LOOP_ANALYSIS = YES;
				CLANG_WARN_STRICT_PROTOTYPES = YES;
				CLANG_WARN_SUSPICIOUS_MOVE = YES;
				CLANG_WARN_UNGUARDED_AVAILABILITY = YES_AGGRESSIVE;
				CLANG_WARN_UNREACHABLE_CODE = YES;
				CLANG_WARN__DUPLICATE_METHOD_MATCH = YES;
				COPY_PHASE_STRIP = NO;
				DEBUG_INFORMATION_FORMAT = dwarf;
				ENABLE_STRICT_OBJC_MSGSEND = YES;
				ENABLE_TESTABILITY = YES;
				GCC_C_LANGUAGE_STANDARD = gnu11;
				GCC_DYNAMIC_NO_PIC = NO;
				GCC_NO_COMMON_BLOCKS = YES;
				GCC_OPTIMIZATION_LEVEL = 0;
				GCC_PREPROCESSOR_DEFINITIONS = (
					"DEBUG=1",
					"$(inherited)",
				);
				GCC_WARN_64_TO_32_BIT_CONVERSION = YES;
				GCC_WARN_ABOUT_RETURN_TYPE = YES_ERROR;
				GCC_WARN_UNDECLARED_SELECTOR = YES;
				GCC_WARN_UNINITIALIZED_AUTOS = YES_AGGRESSIVE;
				GCC_WARN_UNUSED_FUNCTION = YES;
				GCC_WARN_UNUSED_VARIABLE = YES;
				MACOSX_DEPLOYMENT_TARGET = 13.1;
				MTL_ENABLE_DEBUG_INFO = INCLUDE_SOURCE;
				MTL_FAST_MATH = YES;
				ONLY_ACTIVE_ARCH = YES;
				SDKROOT = macosx;
				SWIFT_ACTIVE_COMPILATION_CONDITIONS = DEBUG;
				SWIFT_OPTIMIZATION_LEVEL = "-Onone";
			};
			name = Debug;
		};
		DBA89865297921C600E16E7E /* Release */ = {
			isa = XCBuildConfiguration;
			buildSettings = {
				ALWAYS_SEARCH_USER_PATHS = NO;
				CLANG_ANALYZER_NONNULL = YES;
				CLANG_ANALYZER_NUMBER_OBJECT_CONVERSION = YES_AGGRESSIVE;
				CLANG_CXX_LANGUAGE_STANDARD = "gnu++20";
				CLANG_ENABLE_MODULES = YES;
				CLANG_ENABLE_OBJC_ARC = YES;
				CLANG_ENABLE_OBJC_WEAK = YES;
				CLANG_WARN_BLOCK_CAPTURE_AUTORELEASING = YES;
				CLANG_WARN_BOOL_CONVERSION = YES;
				CLANG_WARN_COMMA = YES;
				CLANG_WARN_CONSTANT_CONVERSION = YES;
				CLANG_WARN_DEPRECATED_OBJC_IMPLEMENTATIONS = YES;
				CLANG_WARN_DIRECT_OBJC_ISA_USAGE = YES_ERROR;
				CLANG_WARN_DOCUMENTATION_COMMENTS = YES;
				CLANG_WARN_EMPTY_BODY = YES;
				CLANG_WARN_ENUM_CONVERSION = YES;
				CLANG_WARN_INFINITE_RECURSION = YES;
				CLANG_WARN_INT_CONVERSION = YES;
				CLANG_WARN_NON_LITERAL_NULL_CONVERSION = YES;
				CLANG_WARN_OBJC_IMPLICIT_RETAIN_SELF = YES;
				CLANG_WARN_OBJC_LITERAL_CONVERSION = YES;
				CLANG_WARN_OBJC_ROOT_CLASS = YES_ERROR;
				CLANG_WARN_QUOTED_INCLUDE_IN_FRAMEWORK_HEADER = YES;
				CLANG_WARN_RANGE_LOOP_ANALYSIS = YES;
				CLANG_WARN_STRICT_PROTOTYPES = YES;
				CLANG_WARN_SUSPICIOUS_MOVE = YES;
				CLANG_WARN_UNGUARDED_AVAILABILITY = YES_AGGRESSIVE;
				CLANG_WARN_UNREACHABLE_CODE = YES;
				CLANG_WARN__DUPLICATE_METHOD_MATCH = YES;
				COPY_PHASE_STRIP = NO;
				DEBUG_INFORMATION_FORMAT = "dwarf-with-dsym";
				ENABLE_NS_ASSERTIONS = NO;
				ENABLE_STRICT_OBJC_MSGSEND = YES;
				GCC_C_LANGUAGE_STANDARD = gnu11;
				GCC_NO_COMMON_BLOCKS = YES;
				GCC_WARN_64_TO_32_BIT_CONVERSION = YES;
				GCC_WARN_ABOUT_RETURN_TYPE = YES_ERROR;
				GCC_WARN_UNDECLARED_SELECTOR = YES;
				GCC_WARN_UNINITIALIZED_AUTOS = YES_AGGRESSIVE;
				GCC_WARN_UNUSED_FUNCTION = YES;
				GCC_WARN_UNUSED_VARIABLE = YES;
				MACOSX_DEPLOYMENT_TARGET = 13.1;
				MTL_ENABLE_DEBUG_INFO = NO;
				MTL_FAST_MATH = YES;
				SDKROOT = macosx;
				SWIFT_COMPILATION_MODE = wholemodule;
				SWIFT_OPTIMIZATION_LEVEL = "-O";
			};
			name = Release;
		};
		DBA89867297921C600E16E7E /* Debug */ = {
			isa = XCBuildConfiguration;
			buildSettings = {
				ASSETCATALOG_COMPILER_APPICON_NAME = AppIcon;
				ASSETCATALOG_COMPILER_GLOBAL_ACCENT_COLOR_NAME = AccentColor;
				CODE_SIGN_ENTITLEMENTS = AppBox/AppBox.entitlements;
				CODE_SIGN_STYLE = Automatic;
				COMBINE_HIDPI_IMAGES = YES;
				CURRENT_PROJECT_VERSION = 1;
				DEVELOPMENT_ASSET_PATHS = "\"AppBox/Preview Content\"";
				DEVELOPMENT_TEAM = 3PQ7E4L589;
				ENABLE_HARDENED_RUNTIME = YES;
				ENABLE_PREVIEWS = YES;
				GENERATE_INFOPLIST_FILE = YES;
				INFOPLIST_KEY_NSHumanReadableCopyright = "";
				LD_RUNPATH_SEARCH_PATHS = (
					"$(inherited)",
					"@executable_path/../Frameworks",
				);
				MARKETING_VERSION = 1.0;
				PRODUCT_BUNDLE_IDENTIFIER = com.developerinsider.AppBox;
				PRODUCT_NAME = "$(TARGET_NAME)";
				SWIFT_EMIT_LOC_STRINGS = YES;
				SWIFT_VERSION = 5.0;
			};
			name = Debug;
		};
		DBA89868297921C600E16E7E /* Release */ = {
			isa = XCBuildConfiguration;
			buildSettings = {
				ASSETCATALOG_COMPILER_APPICON_NAME = AppIcon;
				ASSETCATALOG_COMPILER_GLOBAL_ACCENT_COLOR_NAME = AccentColor;
				CODE_SIGN_ENTITLEMENTS = AppBox/AppBox.entitlements;
				CODE_SIGN_STYLE = Automatic;
				COMBINE_HIDPI_IMAGES = YES;
				CURRENT_PROJECT_VERSION = 1;
				DEVELOPMENT_ASSET_PATHS = "\"AppBox/Preview Content\"";
				DEVELOPMENT_TEAM = 3PQ7E4L589;
				ENABLE_HARDENED_RUNTIME = YES;
				ENABLE_PREVIEWS = YES;
				GENERATE_INFOPLIST_FILE = YES;
				INFOPLIST_KEY_NSHumanReadableCopyright = "";
				LD_RUNPATH_SEARCH_PATHS = (
					"$(inherited)",
					"@executable_path/../Frameworks",
				);
				MARKETING_VERSION = 1.0;
				PRODUCT_BUNDLE_IDENTIFIER = com.developerinsider.AppBox;
				PRODUCT_NAME = "$(TARGET_NAME)";
				SWIFT_EMIT_LOC_STRINGS = YES;
				SWIFT_VERSION = 5.0;
			};
			name = Release;
		};
		DBA8986A297921C600E16E7E /* Debug */ = {
			isa = XCBuildConfiguration;
			buildSettings = {
				ALWAYS_EMBED_SWIFT_STANDARD_LIBRARIES = YES;
				BUNDLE_LOADER = "$(TEST_HOST)";
				CODE_SIGN_STYLE = Automatic;
				CURRENT_PROJECT_VERSION = 1;
				DEVELOPMENT_TEAM = 3PQ7E4L589;
				GENERATE_INFOPLIST_FILE = YES;
				MACOSX_DEPLOYMENT_TARGET = 13.1;
				MARKETING_VERSION = 1.0;
				PRODUCT_BUNDLE_IDENTIFIER = com.developerinsider.AppBoxTests;
				PRODUCT_NAME = "$(TARGET_NAME)";
				SWIFT_EMIT_LOC_STRINGS = NO;
				SWIFT_VERSION = 5.0;
				TEST_HOST = "$(BUILT_PRODUCTS_DIR)/AppBox.app/$(BUNDLE_EXECUTABLE_FOLDER_PATH)/AppBox";
			};
			name = Debug;
		};
		DBA8986B297921C600E16E7E /* Release */ = {
			isa = XCBuildConfiguration;
			buildSettings = {
				ALWAYS_EMBED_SWIFT_STANDARD_LIBRARIES = YES;
				BUNDLE_LOADER = "$(TEST_HOST)";
				CODE_SIGN_STYLE = Automatic;
				CURRENT_PROJECT_VERSION = 1;
				DEVELOPMENT_TEAM = 3PQ7E4L589;
				GENERATE_INFOPLIST_FILE = YES;
				MACOSX_DEPLOYMENT_TARGET = 13.1;
				MARKETING_VERSION = 1.0;
				PRODUCT_BUNDLE_IDENTIFIER = com.developerinsider.AppBoxTests;
				PRODUCT_NAME = "$(TARGET_NAME)";
				SWIFT_EMIT_LOC_STRINGS = NO;
				SWIFT_VERSION = 5.0;
				TEST_HOST = "$(BUILT_PRODUCTS_DIR)/AppBox.app/$(BUNDLE_EXECUTABLE_FOLDER_PATH)/AppBox";
			};
			name = Release;
		};
		DBA8986D297921C600E16E7E /* Debug */ = {
			isa = XCBuildConfiguration;
			buildSettings = {
				ALWAYS_EMBED_SWIFT_STANDARD_LIBRARIES = YES;
				CODE_SIGN_STYLE = Automatic;
				CURRENT_PROJECT_VERSION = 1;
				DEVELOPMENT_TEAM = 3PQ7E4L589;
				GENERATE_INFOPLIST_FILE = YES;
				MARKETING_VERSION = 1.0;
				PRODUCT_BUNDLE_IDENTIFIER = com.developerinsider.AppBoxUITests;
				PRODUCT_NAME = "$(TARGET_NAME)";
				SWIFT_EMIT_LOC_STRINGS = NO;
				SWIFT_VERSION = 5.0;
				TEST_TARGET_NAME = AppBox;
			};
			name = Debug;
		};
		DBA8986E297921C600E16E7E /* Release */ = {
			isa = XCBuildConfiguration;
			buildSettings = {
				ALWAYS_EMBED_SWIFT_STANDARD_LIBRARIES = YES;
				CODE_SIGN_STYLE = Automatic;
				CURRENT_PROJECT_VERSION = 1;
				DEVELOPMENT_TEAM = 3PQ7E4L589;
				GENERATE_INFOPLIST_FILE = YES;
				MARKETING_VERSION = 1.0;
				PRODUCT_BUNDLE_IDENTIFIER = com.developerinsider.AppBoxUITests;
				PRODUCT_NAME = "$(TARGET_NAME)";
				SWIFT_EMIT_LOC_STRINGS = NO;
				SWIFT_VERSION = 5.0;
				TEST_TARGET_NAME = AppBox;
			};
			name = Release;
		};
/* End XCBuildConfiguration section */

/* Begin XCConfigurationList section */
		DBA89837297921C300E16E7E /* Build configuration list for PBXProject "AppBox" */ = {
			isa = XCConfigurationList;
			buildConfigurations = (
				DBA89864297921C600E16E7E /* Debug */,
				DBA89865297921C600E16E7E /* Release */,
			);
			defaultConfigurationIsVisible = 0;
			defaultConfigurationName = Release;
		};
		DBA89866297921C600E16E7E /* Build configuration list for PBXNativeTarget "AppBox" */ = {
			isa = XCConfigurationList;
			buildConfigurations = (
				DBA89867297921C600E16E7E /* Debug */,
				DBA89868297921C600E16E7E /* Release */,
			);
			defaultConfigurationIsVisible = 0;
			defaultConfigurationName = Release;
		};
		DBA89869297921C600E16E7E /* Build configuration list for PBXNativeTarget "AppBoxTests" */ = {
			isa = XCConfigurationList;
			buildConfigurations = (
				DBA8986A297921C600E16E7E /* Debug */,
				DBA8986B297921C600E16E7E /* Release */,
			);
			defaultConfigurationIsVisible = 0;
			defaultConfigurationName = Release;
		};
		DBA8986C297921C600E16E7E /* Build configuration list for PBXNativeTarget "AppBoxUITests" */ = {
			isa = XCConfigurationList;
			buildConfigurations = (
				DBA8986D297921C600E16E7E /* Debug */,
				DBA8986E297921C600E16E7E /* Release */,
			);
			defaultConfigurationIsVisible = 0;
			defaultConfigurationName = Release;
		};
/* End XCConfigurationList section */

/* Begin XCSwiftPackageProductDependency section */
		DBA898732979224000E16E7E /* AppBoxCore */ = {
			isa = XCSwiftPackageProductDependency;
			productName = AppBoxCore;
		};
/* End XCSwiftPackageProductDependency section */

/* Begin XCVersionGroup section */
		DBA8984A297921C600E16E7E /* AppBox.xcdatamodeld */ = {
			isa = XCVersionGroup;
			children = (
				DBA8984B297921C600E16E7E /* AppBox.xcdatamodel */,
			);
			currentVersion = DBA8984B297921C600E16E7E /* AppBox.xcdatamodel */;
			path = AppBox.xcdatamodeld;
			sourceTree = "<group>";
			versionGroupType = wrapper.xcdatamodel;
		};
/* End XCVersionGroup section */
	};
	rootObject = DBA89834297921C300E16E7E /* Project object */;
}
